// !$*UTF8*$!
{
	archiveVersion = 1;
	classes = {
	};
	objectVersion = 46;
	objects = {

/* Begin PBXAggregateTarget section */
		A0C06D1417D9AAB9000DCB6A /* carrdm: OS X System */ = {
			isa = PBXAggregateTarget;
			buildConfigurationList = A0C06D1517D9AAB9000DCB6A /* Build configuration list for PBXAggregateTarget "carrdm: OS X System" */;
			buildPhases = (
			);
			dependencies = (
				A0F6191317E93E2B00D7B9D6 /* PBXTargetDependency */,
				A0F6190E17E93DAD00D7B9D6 /* PBXTargetDependency */,
				A0F618FF17E93D5700D7B9D6 /* PBXTargetDependency */,
			);
			name = "carrdm: OS X System";
			productName = "CARRDM: OS X System";
		};
/* End PBXAggregateTarget section */

/* Begin PBXBuildFile section */
		A0C06D3B17DB7E51000DCB6A /* test-array01.c in Sources */ = {isa = PBXBuildFile; fileRef = A0C06D2A17DB7914000DCB6A /* test-array01.c */; };
		A0F618D817E93D0500D7B9D6 /* Foundation.framework in Frameworks */ = {isa = PBXBuildFile; fileRef = A0C06CC717D9A98C000DCB6A /* Foundation.framework */; };
		A0F618F917E93D4B00D7B9D6 /* libcarrdm-array.c in Sources */ = {isa = PBXBuildFile; fileRef = A0C06D1C17D9AB83000DCB6A /* libcarrdm-array.c */; };
		A0F618FA17E93D4B00D7B9D6 /* libcarrdm-base.c in Sources */ = {isa = PBXBuildFile; fileRef = A0C06C7917D9343B000DCB6A /* libcarrdm-base.c */; };
		A0F618FB17E93D4B00D7B9D6 /* libcarrdm-core.c in Sources */ = {isa = PBXBuildFile; fileRef = A0C06CAF17D94D8A000DCB6A /* libcarrdm-core.c */; };
		A0F618FC17E93D4B00D7B9D6 /* libcarrdm-data.c in Sources */ = {isa = PBXBuildFile; fileRef = A0C06D3C17DB9135000DCB6A /* libcarrdm-data.c */; };
		A0F618FD17E93D4B00D7B9D6 /* libcarrdm-lock.c in Sources */ = {isa = PBXBuildFile; fileRef = A0C06CB317D95079000DCB6A /* libcarrdm-lock.c */; };
		A0F6190817E93DA300D7B9D6 /* libcarrdm-array.c in Sources */ = {isa = PBXBuildFile; fileRef = A0C06D1C17D9AB83000DCB6A /* libcarrdm-array.c */; };
		A0F6190917E93DA300D7B9D6 /* libcarrdm-base.c in Sources */ = {isa = PBXBuildFile; fileRef = A0C06C7917D9343B000DCB6A /* libcarrdm-base.c */; };
		A0F6190A17E93DA300D7B9D6 /* libcarrdm-core.c in Sources */ = {isa = PBXBuildFile; fileRef = A0C06CAF17D94D8A000DCB6A /* libcarrdm-core.c */; };
		A0F6190B17E93DA300D7B9D6 /* libcarrdm-data.c in Sources */ = {isa = PBXBuildFile; fileRef = A0C06D3C17DB9135000DCB6A /* libcarrdm-data.c */; };
		A0F6190C17E93DA300D7B9D6 /* libcarrdm-lock.c in Sources */ = {isa = PBXBuildFile; fileRef = A0C06CB317D95079000DCB6A /* libcarrdm-lock.c */; };
		A0F6191117E93DF300D7B9D6 /* libcarrdm.a in Frameworks */ = {isa = PBXBuildFile; fileRef = A0F6190417E93D9000D7B9D6 /* libcarrdm.a */; };
/* End PBXBuildFile section */

/* Begin PBXContainerItemProxy section */
		A0C06C6717D80E81000DCB6A /* PBXContainerItemProxy */ = {
			isa = PBXContainerItemProxy;
			containerPortal = A0C06C6017D80E81000DCB6A /* bindletools.xcodeproj */;
			proxyType = 2;
			remoteGlobalIDString = A01156E9175B0118008E66FA;
			remoteInfo = bindle;
		};
		A0F618FE17E93D5700D7B9D6 /* PBXContainerItemProxy */ = {
			isa = PBXContainerItemProxy;
			containerPortal = A0C06C5117D80B04000DCB6A /* Project object */;
			proxyType = 1;
			remoteGlobalIDString = A0F618D617E93D0500D7B9D6;
			remoteInfo = "carrdm-ios";
		};
		A0F6190D17E93DAD00D7B9D6 /* PBXContainerItemProxy */ = {
			isa = PBXContainerItemProxy;
			containerPortal = A0C06C5117D80B04000DCB6A /* Project object */;
			proxyType = 1;
			remoteGlobalIDString = A0F6190317E93D9000D7B9D6;
			remoteInfo = "carrdm-osx";
		};
		A0F6190F17E93DEB00D7B9D6 /* PBXContainerItemProxy */ = {
			isa = PBXContainerItemProxy;
			containerPortal = A0C06C5117D80B04000DCB6A /* Project object */;
			proxyType = 1;
			remoteGlobalIDString = A0F6190317E93D9000D7B9D6;
			remoteInfo = "carrdm-osx";
		};
		A0F6191217E93E2B00D7B9D6 /* PBXContainerItemProxy */ = {
			isa = PBXContainerItemProxy;
			containerPortal = A0C06C5117D80B04000DCB6A /* Project object */;
			proxyType = 1;
			remoteGlobalIDString = A0C06D2E17DB7E30000DCB6A;
			remoteInfo = "test-array01";
		};
/* End PBXContainerItemProxy section */

/* Begin PBXCopyFilesBuildPhase section */
		A0C06D2D17DB7E30000DCB6A /* CopyFiles */ = {
			isa = PBXCopyFilesBuildPhase;
			buildActionMask = 2147483647;
			dstPath = /usr/share/man/man1/;
			dstSubfolderSpec = 0;
			files = (
			);
			runOnlyForDeploymentPostprocessing = 1;
		};
		A0F618D517E93D0500D7B9D6 /* CopyFiles */ = {
			isa = PBXCopyFilesBuildPhase;
			buildActionMask = 2147483647;
			dstPath = "include/$(PRODUCT_NAME)";
			dstSubfolderSpec = 16;
			files = (
			);
			runOnlyForDeploymentPostprocessing = 0;
		};
/* End PBXCopyFilesBuildPhase section */

/* Begin PBXFileReference section */
		A0C06C5717D80D95000DCB6A /* acinclude.m4 */ = {isa = PBXFileReference; explicitFileType = text.script; path = acinclude.m4; sourceTree = "<group>"; };
		A0C06C5917D80D95000DCB6A /* git-tar-name.txt */ = {isa = PBXFileReference; lastKnownFileType = text; path = "git-tar-name.txt"; sourceTree = "<group>"; };
		A0C06C5A17D80D95000DCB6A /* ChangeLog */ = {isa = PBXFileReference; explicitFileType = text.script; path = ChangeLog; sourceTree = "<group>"; };
		A0C06C5B17D80D95000DCB6A /* configure.ac */ = {isa = PBXFileReference; explicitFileType = text.script; path = configure.ac; sourceTree = "<group>"; };
		A0C06C5C17D80D95000DCB6A /* COPYING */ = {isa = PBXFileReference; lastKnownFileType = text; path = COPYING; sourceTree = "<group>"; };
		A0C06C5D17D80D95000DCB6A /* Makefile.am */ = {isa = PBXFileReference; explicitFileType = sourcecode.make; indentWidth = 8; path = Makefile.am; sourceTree = "<group>"; tabWidth = 8; usesTabs = 1; };
		A0C06C5E17D80D95000DCB6A /* README.md */ = {isa = PBXFileReference; explicitFileType = text.script; path = README.md; sourceTree = "<group>"; };
		A0C06C6017D80E81000DCB6A /* bindletools.xcodeproj */ = {isa = PBXFileReference; lastKnownFileType = "wrapper.pb-project"; name = bindletools.xcodeproj; path = bindletools/bindletools.xcodeproj; sourceTree = "<group>"; };
		A0C06C6D17D93142000DCB6A /* carrdm.h */ = {isa = PBXFileReference; lastKnownFileType = sourcecode.c.h; path = carrdm.h; sourceTree = "<group>"; };
		A0C06C7817D933D8000DCB6A /* libcarrdm.sym */ = {isa = PBXFileReference; explicitFileType = text.script; path = libcarrdm.sym; sourceTree = "<group>"; };
		A0C06C7917D9343B000DCB6A /* libcarrdm-base.c */ = {isa = PBXFileReference; lastKnownFileType = sourcecode.c.c; path = "libcarrdm-base.c"; sourceTree = "<group>"; };
		A0C06C7A17D9343B000DCB6A /* libcarrdm-base.h */ = {isa = PBXFileReference; lastKnownFileType = sourcecode.c.h; path = "libcarrdm-base.h"; sourceTree = "<group>"; };
		A0C06C8317D9352A000DCB6A /* Cocoa.framework */ = {isa = PBXFileReference; lastKnownFileType = wrapper.framework; name = Cocoa.framework; path = System/Library/Frameworks/Cocoa.framework; sourceTree = SDKROOT; };
		A0C06C8617D9352A000DCB6A /* Foundation.framework */ = {isa = PBXFileReference; lastKnownFileType = wrapper.framework; name = Foundation.framework; path = System/Library/Frameworks/Foundation.framework; sourceTree = SDKROOT; };
		A0C06C8717D9352A000DCB6A /* CoreData.framework */ = {isa = PBXFileReference; lastKnownFileType = wrapper.framework; name = CoreData.framework; path = System/Library/Frameworks/CoreData.framework; sourceTree = SDKROOT; };
		A0C06C8817D9352A000DCB6A /* AppKit.framework */ = {isa = PBXFileReference; lastKnownFileType = wrapper.framework; name = AppKit.framework; path = System/Library/Frameworks/AppKit.framework; sourceTree = SDKROOT; };
		A0C06C9817D9352A000DCB6A /* XCTest.framework */ = {isa = PBXFileReference; lastKnownFileType = wrapper.framework; name = XCTest.framework; path = Library/Frameworks/XCTest.framework; sourceTree = DEVELOPER_DIR; };
		A0C06CAF17D94D8A000DCB6A /* libcarrdm-core.c */ = {isa = PBXFileReference; fileEncoding = 4; lastKnownFileType = sourcecode.c.c; path = "libcarrdm-core.c"; sourceTree = "<group>"; };
		A0C06CB017D94D8A000DCB6A /* libcarrdm-core.h */ = {isa = PBXFileReference; fileEncoding = 4; lastKnownFileType = sourcecode.c.h; path = "libcarrdm-core.h"; sourceTree = "<group>"; };
		A0C06CB317D95079000DCB6A /* libcarrdm-lock.c */ = {isa = PBXFileReference; fileEncoding = 4; lastKnownFileType = sourcecode.c.c; path = "libcarrdm-lock.c"; sourceTree = "<group>"; };
		A0C06CB417D95079000DCB6A /* libcarrdm-lock.h */ = {isa = PBXFileReference; fileEncoding = 4; lastKnownFileType = sourcecode.c.h; path = "libcarrdm-lock.h"; sourceTree = "<group>"; };
		A0C06CBB17D961FE000DCB6A /* libcarrdm.h */ = {isa = PBXFileReference; fileEncoding = 4; lastKnownFileType = sourcecode.c.h; path = libcarrdm.h; sourceTree = "<group>"; };
		A0C06CC717D9A98C000DCB6A /* Foundation.framework */ = {isa = PBXFileReference; lastKnownFileType = wrapper.framework; name = Foundation.framework; path = System/Library/Frameworks/Foundation.framework; sourceTree = SDKROOT; };
		A0C06CD717D9A98D000DCB6A /* UIKit.framework */ = {isa = PBXFileReference; lastKnownFileType = wrapper.framework; name = UIKit.framework; path = Library/Frameworks/UIKit.framework; sourceTree = DEVELOPER_DIR; };
		A0C06CF317D9A9C4000DCB6A /* CARRDM-Info.plist */ = {isa = PBXFileReference; lastKnownFileType = text.plist.xml; path = "CARRDM-Info.plist"; sourceTree = "<group>"; };
		A0C06CF517D9A9C4000DCB6A /* en */ = {isa = PBXFileReference; lastKnownFileType = text.plist.strings; name = en; path = en.lproj/InfoPlist.strings; sourceTree = "<group>"; };
		A0C06CF717D9A9C4000DCB6A /* CARRDM-Prefix.pch */ = {isa = PBXFileReference; lastKnownFileType = sourcecode.c.h; path = "CARRDM-Prefix.pch"; sourceTree = "<group>"; };
		A0C06D1C17D9AB83000DCB6A /* libcarrdm-array.c */ = {isa = PBXFileReference; fileEncoding = 4; lastKnownFileType = sourcecode.c.c; path = "libcarrdm-array.c"; sourceTree = "<group>"; };
		A0C06D1D17D9AB83000DCB6A /* libcarrdm-array.h */ = {isa = PBXFileReference; fileEncoding = 4; lastKnownFileType = sourcecode.c.h; path = "libcarrdm-array.h"; sourceTree = "<group>"; };
		A0C06D2A17DB7914000DCB6A /* test-array01.c */ = {isa = PBXFileReference; lastKnownFileType = sourcecode.c.c; path = "test-array01.c"; sourceTree = "<group>"; };
		A0C06D2F17DB7E30000DCB6A /* test-array01 */ = {isa = PBXFileReference; explicitFileType = "compiled.mach-o.executable"; includeInIndex = 0; path = "test-array01"; sourceTree = BUILT_PRODUCTS_DIR; };
		A0C06D3C17DB9135000DCB6A /* libcarrdm-data.c */ = {isa = PBXFileReference; fileEncoding = 4; lastKnownFileType = sourcecode.c.c; path = "libcarrdm-data.c"; sourceTree = "<group>"; };
		A0C06D3D17DB9135000DCB6A /* libcarrdm-data.h */ = {isa = PBXFileReference; fileEncoding = 4; lastKnownFileType = sourcecode.c.h; path = "libcarrdm-data.h"; sourceTree = "<group>"; };
		A0C06D5717E0E39E000DCB6A /* carrdm_inline.h */ = {isa = PBXFileReference; fileEncoding = 4; lastKnownFileType = sourcecode.c.h; path = carrdm_inline.h; sourceTree = "<group>"; };
		A0F618D717E93D0500D7B9D6 /* libcarrdm.a */ = {isa = PBXFileReference; explicitFileType = archive.ar; includeInIndex = 0; path = libcarrdm.a; sourceTree = BUILT_PRODUCTS_DIR; };
		A0F6190417E93D9000D7B9D6 /* libcarrdm.a */ = {isa = PBXFileReference; explicitFileType = archive.ar; includeInIndex = 0; path = libcarrdm.a; sourceTree = BUILT_PRODUCTS_DIR; };
/* End PBXFileReference section */

/* Begin PBXFrameworksBuildPhase section */
		A0C06D2C17DB7E30000DCB6A /* Frameworks */ = {
			isa = PBXFrameworksBuildPhase;
			buildActionMask = 2147483647;
			files = (
				A0F6191117E93DF300D7B9D6 /* libcarrdm.a in Frameworks */,
			);
			runOnlyForDeploymentPostprocessing = 0;
		};
		A0F618D417E93D0500D7B9D6 /* Frameworks */ = {
			isa = PBXFrameworksBuildPhase;
			buildActionMask = 2147483647;
			files = (
				A0F618D817E93D0500D7B9D6 /* Foundation.framework in Frameworks */,
			);
			runOnlyForDeploymentPostprocessing = 0;
		};
		A0F6190117E93D9000D7B9D6 /* Frameworks */ = {
			isa = PBXFrameworksBuildPhase;
			buildActionMask = 2147483647;
			files = (
			);
			runOnlyForDeploymentPostprocessing = 0;
		};
/* End PBXFrameworksBuildPhase section */

/* Begin PBXGroup section */
		A0C06C5017D80B04000DCB6A = {
			isa = PBXGroup;
			children = (
				A0C06C5717D80D95000DCB6A /* acinclude.m4 */,
				A0C06C5A17D80D95000DCB6A /* ChangeLog */,
				A0C06C5B17D80D95000DCB6A /* configure.ac */,
				A0C06C5C17D80D95000DCB6A /* COPYING */,
				A0C06C5D17D80D95000DCB6A /* Makefile.am */,
				A0C06C5E17D80D95000DCB6A /* README.md */,
				A0C06C5817D80D95000DCB6A /* build-aux */,
				A0C06C5F17D80E5C000DCB6A /* contrib */,
				A0C06C6C17D93142000DCB6A /* include */,
				A0C06C7117D93365000DCB6A /* lib */,
				A0C06D2917DB78D3000DCB6A /* tests */,
				A0C06CF117D9A9C4000DCB6A /* CARRDM */,
				A0C06C8217D9352A000DCB6A /* Frameworks */,
				A0C06C8117D9352A000DCB6A /* Products */,
			);
			sourceTree = "<group>";
		};
		A0C06C5817D80D95000DCB6A /* build-aux */ = {
			isa = PBXGroup;
			children = (
				A0C06C5917D80D95000DCB6A /* git-tar-name.txt */,
			);
			path = "build-aux";
			sourceTree = "<group>";
		};
		A0C06C5F17D80E5C000DCB6A /* contrib */ = {
			isa = PBXGroup;
			children = (
				A0C06C6017D80E81000DCB6A /* bindletools.xcodeproj */,
			);
			path = contrib;
			sourceTree = "<group>";
		};
		A0C06C6117D80E81000DCB6A /* Products */ = {
			isa = PBXGroup;
			children = (
				A0C06C6817D80E81000DCB6A /* libbindle.a */,
			);
			name = Products;
			sourceTree = "<group>";
		};
		A0C06C6C17D93142000DCB6A /* include */ = {
			isa = PBXGroup;
			children = (
				A0C06C6D17D93142000DCB6A /* carrdm.h */,
				A0C06D5717E0E39E000DCB6A /* carrdm_inline.h */,
			);
			path = include;
			sourceTree = "<group>";
		};
		A0C06C7117D93365000DCB6A /* lib */ = {
			isa = PBXGroup;
			children = (
				A0C06CBB17D961FE000DCB6A /* libcarrdm.h */,
				A0C06C7817D933D8000DCB6A /* libcarrdm.sym */,
				A0C06D1C17D9AB83000DCB6A /* libcarrdm-array.c */,
				A0C06D1D17D9AB83000DCB6A /* libcarrdm-array.h */,
				A0C06C7917D9343B000DCB6A /* libcarrdm-base.c */,
				A0C06C7A17D9343B000DCB6A /* libcarrdm-base.h */,
				A0C06CAF17D94D8A000DCB6A /* libcarrdm-core.c */,
				A0C06CB017D94D8A000DCB6A /* libcarrdm-core.h */,
				A0C06D3C17DB9135000DCB6A /* libcarrdm-data.c */,
				A0C06D3D17DB9135000DCB6A /* libcarrdm-data.h */,
				A0C06CB317D95079000DCB6A /* libcarrdm-lock.c */,
				A0C06CB417D95079000DCB6A /* libcarrdm-lock.h */,
			);
			path = lib;
			sourceTree = "<group>";
		};
		A0C06C8117D9352A000DCB6A /* Products */ = {
			isa = PBXGroup;
			children = (
				A0C06D2F17DB7E30000DCB6A /* test-array01 */,
				A0F618D717E93D0500D7B9D6 /* libcarrdm.a */,
				A0F6190417E93D9000D7B9D6 /* libcarrdm.a */,
			);
			name = Products;
			sourceTree = "<group>";
		};
		A0C06C8217D9352A000DCB6A /* Frameworks */ = {
			isa = PBXGroup;
			children = (
				A0C06C8317D9352A000DCB6A /* Cocoa.framework */,
				A0C06C9817D9352A000DCB6A /* XCTest.framework */,
				A0C06CC717D9A98C000DCB6A /* Foundation.framework */,
				A0C06CD717D9A98D000DCB6A /* UIKit.framework */,
				A0C06C8517D9352A000DCB6A /* Other Frameworks */,
			);
			name = Frameworks;
			sourceTree = "<group>";
		};
		A0C06C8517D9352A000DCB6A /* Other Frameworks */ = {
			isa = PBXGroup;
			children = (
				A0C06C8617D9352A000DCB6A /* Foundation.framework */,
				A0C06C8717D9352A000DCB6A /* CoreData.framework */,
				A0C06C8817D9352A000DCB6A /* AppKit.framework */,
			);
			name = "Other Frameworks";
			sourceTree = "<group>";
		};
		A0C06CF117D9A9C4000DCB6A /* CARRDM */ = {
			isa = PBXGroup;
			children = (
				A0C06D1317D9A9DD000DCB6A /* Other Sources */,
				A0C06CF217D9A9C4000DCB6A /* Supporting Files */,
			);
			path = CARRDM;
			sourceTree = "<group>";
		};
		A0C06CF217D9A9C4000DCB6A /* Supporting Files */ = {
			isa = PBXGroup;
			children = (
				A0C06CF317D9A9C4000DCB6A /* CARRDM-Info.plist */,
				A0C06CF417D9A9C4000DCB6A /* InfoPlist.strings */,
			);
			name = "Supporting Files";
			path = support;
			sourceTree = "<group>";
		};
		A0C06D1317D9A9DD000DCB6A /* Other Sources */ = {
			isa = PBXGroup;
			children = (
				A0C06CF717D9A9C4000DCB6A /* CARRDM-Prefix.pch */,
			);
			name = "Other Sources";
			path = other;
			sourceTree = "<group>";
		};
		A0C06D2917DB78D3000DCB6A /* tests */ = {
			isa = PBXGroup;
			children = (
				A0C06D2A17DB7914000DCB6A /* test-array01.c */,
			);
			path = tests;
			sourceTree = "<group>";
		};
/* End PBXGroup section */

/* Begin PBXHeadersBuildPhase section */
		A0F6190217E93D9000D7B9D6 /* Headers */ = {
			isa = PBXHeadersBuildPhase;
			buildActionMask = 2147483647;
			files = (
			);
			runOnlyForDeploymentPostprocessing = 0;
		};
/* End PBXHeadersBuildPhase section */

/* Begin PBXNativeTarget section */
		A0C06D2E17DB7E30000DCB6A /* test-array01 */ = {
			isa = PBXNativeTarget;
			buildConfigurationList = A0C06D3517DB7E30000DCB6A /* Build configuration list for PBXNativeTarget "test-array01" */;
			buildPhases = (
				A0C06D2B17DB7E30000DCB6A /* Sources */,
				A0C06D2C17DB7E30000DCB6A /* Frameworks */,
				A0C06D2D17DB7E30000DCB6A /* CopyFiles */,
			);
			buildRules = (
			);
			dependencies = (
				A0F6191017E93DEB00D7B9D6 /* PBXTargetDependency */,
			);
			name = "test-array01";
			productName = "test-array01";
			productReference = A0C06D2F17DB7E30000DCB6A /* test-array01 */;
			productType = "com.apple.product-type.tool";
		};
		A0F618D617E93D0500D7B9D6 /* carrdm-ios */ = {
			isa = PBXNativeTarget;
			buildConfigurationList = A0F618F317E93D0600D7B9D6 /* Build configuration list for PBXNativeTarget "carrdm-ios" */;
			buildPhases = (
				A0F618D317E93D0500D7B9D6 /* Sources */,
				A0F618D417E93D0500D7B9D6 /* Frameworks */,
				A0F618D517E93D0500D7B9D6 /* CopyFiles */,
			);
			buildRules = (
			);
			dependencies = (
			);
			name = "carrdm-ios";
			productName = "carrdm-ios";
			productReference = A0F618D717E93D0500D7B9D6 /* libcarrdm.a */;
			productType = "com.apple.product-type.library.static";
		};
		A0F6190317E93D9000D7B9D6 /* carrdm-osx */ = {
			isa = PBXNativeTarget;
			buildConfigurationList = A0F6190517E93D9000D7B9D6 /* Build configuration list for PBXNativeTarget "carrdm-osx" */;
			buildPhases = (
				A0F6190017E93D9000D7B9D6 /* Sources */,
				A0F6190117E93D9000D7B9D6 /* Frameworks */,
				A0F6190217E93D9000D7B9D6 /* Headers */,
			);
			buildRules = (
			);
			dependencies = (
			);
			name = "carrdm-osx";
			productName = "carrdm-osx";
			productReference = A0F6190417E93D9000D7B9D6 /* libcarrdm.a */;
			productType = "com.apple.product-type.library.static";
		};
/* End PBXNativeTarget section */

/* Begin PBXProject section */
		A0C06C5117D80B04000DCB6A /* Project object */ = {
			isa = PBXProject;
			attributes = {
				LastUpgradeCheck = 0500;
			};
			buildConfigurationList = A0C06C5417D80B04000DCB6A /* Build configuration list for PBXProject "carrdm" */;
			compatibilityVersion = "Xcode 3.2";
			developmentRegion = English;
			hasScannedForEncodings = 0;
			knownRegions = (
				en,
			);
			mainGroup = A0C06C5017D80B04000DCB6A;
			productRefGroup = A0C06C8117D9352A000DCB6A /* Products */;
			projectDirPath = "";
			projectReferences = (
				{
					ProductGroup = A0C06C6117D80E81000DCB6A /* Products */;
					ProjectRef = A0C06C6017D80E81000DCB6A /* bindletools.xcodeproj */;
				},
			);
			projectRoot = "";
			targets = (
				A0F618D617E93D0500D7B9D6 /* carrdm-ios */,
				A0F6190317E93D9000D7B9D6 /* carrdm-osx */,
				A0C06D1417D9AAB9000DCB6A /* carrdm: OS X System */,
				A0C06D2E17DB7E30000DCB6A /* test-array01 */,
			);
		};
/* End PBXProject section */

/* Begin PBXReferenceProxy section */
		A0C06C6817D80E81000DCB6A /* libbindle.a */ = {
			isa = PBXReferenceProxy;
			fileType = archive.ar;
			path = libbindle.a;
			remoteRef = A0C06C6717D80E81000DCB6A /* PBXContainerItemProxy */;
			sourceTree = BUILT_PRODUCTS_DIR;
		};
/* End PBXReferenceProxy section */

/* Begin PBXSourcesBuildPhase section */
		A0C06D2B17DB7E30000DCB6A /* Sources */ = {
			isa = PBXSourcesBuildPhase;
			buildActionMask = 2147483647;
			files = (
				A0C06D3B17DB7E51000DCB6A /* test-array01.c in Sources */,
			);
			runOnlyForDeploymentPostprocessing = 0;
		};
		A0F618D317E93D0500D7B9D6 /* Sources */ = {
			isa = PBXSourcesBuildPhase;
			buildActionMask = 2147483647;
			files = (
				A0F618F917E93D4B00D7B9D6 /* libcarrdm-array.c in Sources */,
				A0F618FA17E93D4B00D7B9D6 /* libcarrdm-base.c in Sources */,
				A0F618FB17E93D4B00D7B9D6 /* libcarrdm-core.c in Sources */,
				A0F618FC17E93D4B00D7B9D6 /* libcarrdm-data.c in Sources */,
				A0F618FD17E93D4B00D7B9D6 /* libcarrdm-lock.c in Sources */,
			);
			runOnlyForDeploymentPostprocessing = 0;
		};
		A0F6190017E93D9000D7B9D6 /* Sources */ = {
			isa = PBXSourcesBuildPhase;
			buildActionMask = 2147483647;
			files = (
				A0F6190817E93DA300D7B9D6 /* libcarrdm-array.c in Sources */,
				A0F6190917E93DA300D7B9D6 /* libcarrdm-base.c in Sources */,
				A0F6190A17E93DA300D7B9D6 /* libcarrdm-core.c in Sources */,
				A0F6190B17E93DA300D7B9D6 /* libcarrdm-data.c in Sources */,
				A0F6190C17E93DA300D7B9D6 /* libcarrdm-lock.c in Sources */,
			);
			runOnlyForDeploymentPostprocessing = 0;
		};
/* End PBXSourcesBuildPhase section */

/* Begin PBXTargetDependency section */
		A0F618FF17E93D5700D7B9D6 /* PBXTargetDependency */ = {
			isa = PBXTargetDependency;
			target = A0F618D617E93D0500D7B9D6 /* carrdm-ios */;
			targetProxy = A0F618FE17E93D5700D7B9D6 /* PBXContainerItemProxy */;
		};
		A0F6190E17E93DAD00D7B9D6 /* PBXTargetDependency */ = {
			isa = PBXTargetDependency;
			target = A0F6190317E93D9000D7B9D6 /* carrdm-osx */;
			targetProxy = A0F6190D17E93DAD00D7B9D6 /* PBXContainerItemProxy */;
		};
		A0F6191017E93DEB00D7B9D6 /* PBXTargetDependency */ = {
			isa = PBXTargetDependency;
			target = A0F6190317E93D9000D7B9D6 /* carrdm-osx */;
			targetProxy = A0F6190F17E93DEB00D7B9D6 /* PBXContainerItemProxy */;
		};
		A0F6191317E93E2B00D7B9D6 /* PBXTargetDependency */ = {
			isa = PBXTargetDependency;
			target = A0C06D2E17DB7E30000DCB6A /* test-array01 */;
			targetProxy = A0F6191217E93E2B00D7B9D6 /* PBXContainerItemProxy */;
		};
/* End PBXTargetDependency section */

/* Begin PBXVariantGroup section */
		A0C06CF417D9A9C4000DCB6A /* InfoPlist.strings */ = {
			isa = PBXVariantGroup;
			children = (
				A0C06CF517D9A9C4000DCB6A /* en */,
			);
			name = InfoPlist.strings;
			sourceTree = "<group>";
		};
/* End PBXVariantGroup section */

/* Begin XCBuildConfiguration section */
		A0C06C5517D80B04000DCB6A /* Debug */ = {
			isa = XCBuildConfiguration;
			buildSettings = {
				HEADER_SEARCH_PATHS = include;
			};
			name = Debug;
		};
		A0C06C5617D80B04000DCB6A /* Release */ = {
			isa = XCBuildConfiguration;
			buildSettings = {
				HEADER_SEARCH_PATHS = include;
			};
			name = Release;
		};
		A0C06D1617D9AAB9000DCB6A /* Debug */ = {
			isa = XCBuildConfiguration;
			buildSettings = {
				PRODUCT_NAME = "$(TARGET_NAME)";
			};
			name = Debug;
		};
		A0C06D1717D9AAB9000DCB6A /* Release */ = {
			isa = XCBuildConfiguration;
			buildSettings = {
				PRODUCT_NAME = "$(TARGET_NAME)";
			};
			name = Release;
		};
		A0C06D3617DB7E30000DCB6A /* Debug */ = {
			isa = XCBuildConfiguration;
			buildSettings = {
				ALWAYS_SEARCH_USER_PATHS = NO;
				CLANG_CXX_LANGUAGE_STANDARD = "gnu++0x";
				CLANG_CXX_LIBRARY = "libc++";
				CLANG_ENABLE_MODULES = YES;
				CLANG_ENABLE_OBJC_ARC = YES;
				CLANG_WARN_BOOL_CONVERSION = YES;
				CLANG_WARN_CONSTANT_CONVERSION = YES;
				CLANG_WARN_DIRECT_OBJC_ISA_USAGE = YES_ERROR;
				CLANG_WARN_EMPTY_BODY = YES;
				CLANG_WARN_ENUM_CONVERSION = YES;
				CLANG_WARN_INT_CONVERSION = YES;
				CLANG_WARN_OBJC_ROOT_CLASS = YES_ERROR;
				CLANG_WARN__DUPLICATE_METHOD_MATCH = YES;
				COPY_PHASE_STRIP = NO;
				GCC_C_LANGUAGE_STANDARD = gnu99;
				GCC_DYNAMIC_NO_PIC = NO;
				GCC_ENABLE_OBJC_EXCEPTIONS = YES;
				GCC_OPTIMIZATION_LEVEL = 0;
				GCC_PREPROCESSOR_DEFINITIONS = (
					"DEBUG=1",
					"$(inherited)",
				);
				GCC_SYMBOLS_PRIVATE_EXTERN = NO;
				GCC_WARN_64_TO_32_BIT_CONVERSION = YES;
				GCC_WARN_ABOUT_RETURN_TYPE = YES_ERROR;
				GCC_WARN_UNDECLARED_SELECTOR = YES;
				GCC_WARN_UNINITIALIZED_AUTOS = YES;
				GCC_WARN_UNUSED_FUNCTION = YES;
				GCC_WARN_UNUSED_VARIABLE = YES;
				MACOSX_DEPLOYMENT_TARGET = 10.8;
				ONLY_ACTIVE_ARCH = YES;
				PRODUCT_NAME = "$(TARGET_NAME)";
				SDKROOT = macosx;
			};
			name = Debug;
		};
		A0C06D3717DB7E30000DCB6A /* Release */ = {
			isa = XCBuildConfiguration;
			buildSettings = {
				ALWAYS_SEARCH_USER_PATHS = NO;
				CLANG_CXX_LANGUAGE_STANDARD = "gnu++0x";
				CLANG_CXX_LIBRARY = "libc++";
				CLANG_ENABLE_MODULES = YES;
				CLANG_ENABLE_OBJC_ARC = YES;
				CLANG_WARN_BOOL_CONVERSION = YES;
				CLANG_WARN_CONSTANT_CONVERSION = YES;
				CLANG_WARN_DIRECT_OBJC_ISA_USAGE = YES_ERROR;
				CLANG_WARN_EMPTY_BODY = YES;
				CLANG_WARN_ENUM_CONVERSION = YES;
				CLANG_WARN_INT_CONVERSION = YES;
				CLANG_WARN_OBJC_ROOT_CLASS = YES_ERROR;
				CLANG_WARN__DUPLICATE_METHOD_MATCH = YES;
				COPY_PHASE_STRIP = YES;
				DEBUG_INFORMATION_FORMAT = "dwarf-with-dsym";
				ENABLE_NS_ASSERTIONS = NO;
				GCC_C_LANGUAGE_STANDARD = gnu99;
				GCC_ENABLE_OBJC_EXCEPTIONS = YES;
				GCC_WARN_64_TO_32_BIT_CONVERSION = YES;
				GCC_WARN_ABOUT_RETURN_TYPE = YES_ERROR;
				GCC_WARN_UNDECLARED_SELECTOR = YES;
				GCC_WARN_UNINITIALIZED_AUTOS = YES;
				GCC_WARN_UNUSED_FUNCTION = YES;
				GCC_WARN_UNUSED_VARIABLE = YES;
				MACOSX_DEPLOYMENT_TARGET = 10.8;
				PRODUCT_NAME = "$(TARGET_NAME)";
				SDKROOT = macosx;
			};
			name = Release;
		};
		A0F618F417E93D0600D7B9D6 /* Debug */ = {
			isa = XCBuildConfiguration;
			buildSettings = {
				ALWAYS_SEARCH_USER_PATHS = NO;
				CLANG_CXX_LANGUAGE_STANDARD = "gnu++0x";
				CLANG_CXX_LIBRARY = "libc++";
				CLANG_ENABLE_MODULES = YES;
				CLANG_ENABLE_OBJC_ARC = YES;
				CLANG_WARN_BOOL_CONVERSION = YES;
				CLANG_WARN_CONSTANT_CONVERSION = YES;
				CLANG_WARN_DIRECT_OBJC_ISA_USAGE = YES_ERROR;
				CLANG_WARN_EMPTY_BODY = YES;
				CLANG_WARN_ENUM_CONVERSION = YES;
				CLANG_WARN_INT_CONVERSION = YES;
				CLANG_WARN_OBJC_ROOT_CLASS = YES_ERROR;
				CLANG_WARN__DUPLICATE_METHOD_MATCH = YES;
				COPY_PHASE_STRIP = NO;
				DSTROOT = /tmp/carrdm_ios.dst;
				FRAMEWORK_SEARCH_PATHS = (
					"$(inherited)",
					"$(DEVELOPER_DIR)/Platforms/MacOSX.platform/Developer/SDKs/MacOSX10.9.sdk/System/Library/Frameworks",
				);
				GCC_C_LANGUAGE_STANDARD = gnu99;
				GCC_DYNAMIC_NO_PIC = NO;
				GCC_OPTIMIZATION_LEVEL = 0;
				GCC_PRECOMPILE_PREFIX_HEADER = YES;
				GCC_PREFIX_HEADER = "CARRDM/other/CARRDM-Prefix.pch";
				GCC_PREPROCESSOR_DEFINITIONS = (
					"DEBUG=1",
					"$(inherited)",
				);
				GCC_SYMBOLS_PRIVATE_EXTERN = NO;
				GCC_WARN_ABOUT_RETURN_TYPE = YES_ERROR;
				GCC_WARN_UNDECLARED_SELECTOR = YES;
				GCC_WARN_UNINITIALIZED_AUTOS = YES;
				GCC_WARN_UNUSED_FUNCTION = YES;
				GCC_WARN_UNUSED_VARIABLE = YES;
				IPHONEOS_DEPLOYMENT_TARGET = 7.0;
				ONLY_ACTIVE_ARCH = YES;
				OTHER_LDFLAGS = "-ObjC";
				PRODUCT_NAME = carrdm;
				SDKROOT = iphoneos;
				SKIP_INSTALL = YES;
			};
			name = Debug;
		};
		A0F618F517E93D0600D7B9D6 /* Release */ = {
			isa = XCBuildConfiguration;
			buildSettings = {
				ALWAYS_SEARCH_USER_PATHS = NO;
				CLANG_CXX_LANGUAGE_STANDARD = "gnu++0x";
				CLANG_CXX_LIBRARY = "libc++";
				CLANG_ENABLE_MODULES = YES;
				CLANG_ENABLE_OBJC_ARC = YES;
				CLANG_WARN_BOOL_CONVERSION = YES;
				CLANG_WARN_CONSTANT_CONVERSION = YES;
				CLANG_WARN_DIRECT_OBJC_ISA_USAGE = YES_ERROR;
				CLANG_WARN_EMPTY_BODY = YES;
				CLANG_WARN_ENUM_CONVERSION = YES;
				CLANG_WARN_INT_CONVERSION = YES;
				CLANG_WARN_OBJC_ROOT_CLASS = YES_ERROR;
				CLANG_WARN__DUPLICATE_METHOD_MATCH = YES;
				COPY_PHASE_STRIP = YES;
				DSTROOT = /tmp/carrdm_ios.dst;
				ENABLE_NS_ASSERTIONS = NO;
				FRAMEWORK_SEARCH_PATHS = (
					"$(inherited)",
					"$(DEVELOPER_DIR)/Platforms/MacOSX.platform/Developer/SDKs/MacOSX10.9.sdk/System/Library/Frameworks",
				);
				GCC_C_LANGUAGE_STANDARD = gnu99;
				GCC_PRECOMPILE_PREFIX_HEADER = YES;
				GCC_PREFIX_HEADER = "CARRDM/other/CARRDM-Prefix.pch";
				GCC_WARN_ABOUT_RETURN_TYPE = YES_ERROR;
				GCC_WARN_UNDECLARED_SELECTOR = YES;
				GCC_WARN_UNINITIALIZED_AUTOS = YES;
				GCC_WARN_UNUSED_FUNCTION = YES;
				GCC_WARN_UNUSED_VARIABLE = YES;
				IPHONEOS_DEPLOYMENT_TARGET = 7.0;
				OTHER_LDFLAGS = "-ObjC";
				PRODUCT_NAME = carrdm;
				SDKROOT = iphoneos;
				SKIP_INSTALL = YES;
				VALIDATE_PRODUCT = YES;
			};
			name = Release;
		};
		A0F6190617E93D9000D7B9D6 /* Debug */ = {
			isa = XCBuildConfiguration;
			buildSettings = {
				ALWAYS_SEARCH_USER_PATHS = NO;
				CLANG_CXX_LANGUAGE_STANDARD = "gnu++0x";
				CLANG_CXX_LIBRARY = "libc++";
				CLANG_ENABLE_MODULES = YES;
				CLANG_ENABLE_OBJC_ARC = YES;
				CLANG_WARN_BOOL_CONVERSION = YES;
				CLANG_WARN_CONSTANT_CONVERSION = YES;
				CLANG_WARN_DIRECT_OBJC_ISA_USAGE = YES_ERROR;
				CLANG_WARN_EMPTY_BODY = YES;
				CLANG_WARN_ENUM_CONVERSION = YES;
				CLANG_WARN_INT_CONVERSION = YES;
				CLANG_WARN_OBJC_ROOT_CLASS = YES_ERROR;
				CLANG_WARN__DUPLICATE_METHOD_MATCH = YES;
				COPY_PHASE_STRIP = NO;
				EXECUTABLE_PREFIX = lib;
				GCC_C_LANGUAGE_STANDARD = gnu99;
				GCC_DYNAMIC_NO_PIC = NO;
				GCC_ENABLE_OBJC_EXCEPTIONS = YES;
				GCC_OPTIMIZATION_LEVEL = 0;
				GCC_PREPROCESSOR_DEFINITIONS = (
					"DEBUG=1",
					"$(inherited)",
				);
				GCC_SYMBOLS_PRIVATE_EXTERN = NO;
				GCC_WARN_64_TO_32_BIT_CONVERSION = YES;
				GCC_WARN_ABOUT_RETURN_TYPE = YES_ERROR;
				GCC_WARN_UNDECLARED_SELECTOR = YES;
				GCC_WARN_UNINITIALIZED_AUTOS = YES;
				GCC_WARN_UNUSED_FUNCTION = YES;
				GCC_WARN_UNUSED_VARIABLE = YES;
				MACOSX_DEPLOYMENT_TARGET = 10.8;
				ONLY_ACTIVE_ARCH = YES;
				PRODUCT_NAME = carrdm;
				SDKROOT = macosx;
			};
			name = Debug;
		};
		A0F6190717E93D9000D7B9D6 /* Release */ = {
			isa = XCBuildConfiguration;
			buildSettings = {
				ALWAYS_SEARCH_USER_PATHS = NO;
				CLANG_CXX_LANGUAGE_STANDARD = "gnu++0x";
				CLANG_CXX_LIBRARY = "libc++";
				CLANG_ENABLE_MODULES = YES;
				CLANG_ENABLE_OBJC_ARC = YES;
				CLANG_WARN_BOOL_CONVERSION = YES;
				CLANG_WARN_CONSTANT_CONVERSION = YES;
				CLANG_WARN_DIRECT_OBJC_ISA_USAGE = YES_ERROR;
				CLANG_WARN_EMPTY_BODY = YES;
				CLANG_WARN_ENUM_CONVERSION = YES;
				CLANG_WARN_INT_CONVERSION = YES;
				CLANG_WARN_OBJC_ROOT_CLASS = YES_ERROR;
				CLANG_WARN__DUPLICATE_METHOD_MATCH = YES;
				COPY_PHASE_STRIP = YES;
				DEBUG_INFORMATION_FORMAT = "dwarf-with-dsym";
				ENABLE_NS_ASSERTIONS = NO;
				EXECUTABLE_PREFIX = lib;
				GCC_C_LANGUAGE_STANDARD = gnu99;
				GCC_ENABLE_OBJC_EXCEPTIONS = YES;
				GCC_WARN_64_TO_32_BIT_CONVERSION = YES;
				GCC_WARN_ABOUT_RETURN_TYPE = YES_ERROR;
				GCC_WARN_UNDECLARED_SELECTOR = YES;
				GCC_WARN_UNINITIALIZED_AUTOS = YES;
				GCC_WARN_UNUSED_FUNCTION = YES;
				GCC_WARN_UNUSED_VARIABLE = YES;
				MACOSX_DEPLOYMENT_TARGET = 10.8;
				PRODUCT_NAME = carrdm;
				SDKROOT = macosx;
			};
			name = Release;
		};
/* End XCBuildConfiguration section */

/* Begin XCConfigurationList section */
		A0C06C5417D80B04000DCB6A /* Build configuration list for PBXProject "carrdm" */ = {
			isa = XCConfigurationList;
			buildConfigurations = (
				A0C06C5517D80B04000DCB6A /* Debug */,
				A0C06C5617D80B04000DCB6A /* Release */,
			);
			defaultConfigurationIsVisible = 0;
			defaultConfigurationName = Release;
		};
		A0C06D1517D9AAB9000DCB6A /* Build configuration list for PBXAggregateTarget "carrdm: OS X System" */ = {
			isa = XCConfigurationList;
			buildConfigurations = (
				A0C06D1617D9AAB9000DCB6A /* Debug */,
				A0C06D1717D9AAB9000DCB6A /* Release */,
			);
			defaultConfigurationIsVisible = 0;
			defaultConfigurationName = Release;
		};
		A0C06D3517DB7E30000DCB6A /* Build configuration list for PBXNativeTarget "test-array01" */ = {
			isa = XCConfigurationList;
			buildConfigurations = (
				A0C06D3617DB7E30000DCB6A /* Debug */,
				A0C06D3717DB7E30000DCB6A /* Release */,
			);
			defaultConfigurationIsVisible = 0;
			defaultConfigurationName = Release;
		};
		A0F618F317E93D0600D7B9D6 /* Build configuration list for PBXNativeTarget "carrdm-ios" */ = {
			isa = XCConfigurationList;
			buildConfigurations = (
				A0F618F417E93D0600D7B9D6 /* Debug */,
				A0F618F517E93D0600D7B9D6 /* Release */,
			);
			defaultConfigurationIsVisible = 0;
			defaultConfigurationName = Release;
		};
		A0F6190517E93D9000D7B9D6 /* Build configuration list for PBXNativeTarget "carrdm-osx" */ = {
			isa = XCConfigurationList;
			buildConfigurations = (
				A0F6190617E93D9000D7B9D6 /* Debug */,
				A0F6190717E93D9000D7B9D6 /* Release */,
			);
			defaultConfigurationIsVisible = 0;
			defaultConfigurationName = Release;
		};
/* End XCConfigurationList section */
	};
	rootObject = A0C06C5117D80B04000DCB6A /* Project object */;
}
