// !$*UTF8*$!
{
	archiveVersion = 1;
	classes = {
	};
	objectVersion = 46;
	objects = {

/* Begin PBXAggregateTarget section */
		A0C06D1417D9AAB9000DCB6A /* CARRDM: OS X System */ = {
			isa = PBXAggregateTarget;
			buildConfigurationList = A0C06D1517D9AAB9000DCB6A /* Build configuration list for PBXAggregateTarget "CARRDM: OS X System" */;
			buildPhases = (
			);
			dependencies = (
				A0C06D1917D9AAC3000DCB6A /* PBXTargetDependency */,
				A0C06D1B17D9AAC3000DCB6A /* PBXTargetDependency */,
			);
			name = "CARRDM: OS X System";
			productName = "CARRDM: OS X System";
		};
/* End PBXAggregateTarget section */

/* Begin PBXBuildFile section */
		A0C06CC817D9A98C000DCB6A /* Foundation.framework in Frameworks */ = {isa = PBXBuildFile; fileRef = A0C06CC717D9A98C000DCB6A /* Foundation.framework */; };
		A0C06CF017D9A9C4000DCB6A /* Cocoa.framework in Frameworks */ = {isa = PBXBuildFile; fileRef = A0C06C8317D9352A000DCB6A /* Cocoa.framework */; };
		A0C06CF617D9A9C4000DCB6A /* InfoPlist.strings in Resources */ = {isa = PBXBuildFile; fileRef = A0C06CF417D9A9C4000DCB6A /* InfoPlist.strings */; };
		A0C06D0017D9A9C4000DCB6A /* XCTest.framework in Frameworks */ = {isa = PBXBuildFile; fileRef = A0C06C9817D9352A000DCB6A /* XCTest.framework */; };
		A0C06D0117D9A9C4000DCB6A /* Cocoa.framework in Frameworks */ = {isa = PBXBuildFile; fileRef = A0C06C8317D9352A000DCB6A /* Cocoa.framework */; };
		A0C06D0417D9A9C4000DCB6A /* CARRDM.framework in Frameworks */ = {isa = PBXBuildFile; fileRef = A0C06CEF17D9A9C4000DCB6A /* CARRDM.framework */; };
		A0C06D0A17D9A9C4000DCB6A /* InfoPlist.strings in Resources */ = {isa = PBXBuildFile; fileRef = A0C06D0817D9A9C4000DCB6A /* InfoPlist.strings */; };
		A0C06D0C17D9A9C4000DCB6A /* CARRDMTests.m in Sources */ = {isa = PBXBuildFile; fileRef = A0C06D0B17D9A9C4000DCB6A /* CARRDMTests.m */; };
		A0C06D1E17D9AB83000DCB6A /* libcarrdm-array.c in Sources */ = {isa = PBXBuildFile; fileRef = A0C06D1C17D9AB83000DCB6A /* libcarrdm-array.c */; };
		A0C06D1F17D9AB83000DCB6A /* libcarrdm-array.c in Sources */ = {isa = PBXBuildFile; fileRef = A0C06D1C17D9AB83000DCB6A /* libcarrdm-array.c */; };
		A0C06D2117D9ACF8000DCB6A /* libcarrdm-base.c in Sources */ = {isa = PBXBuildFile; fileRef = A0C06C7917D9343B000DCB6A /* libcarrdm-base.c */; };
		A0C06D2217D9ACF9000DCB6A /* libcarrdm-base.c in Sources */ = {isa = PBXBuildFile; fileRef = A0C06C7917D9343B000DCB6A /* libcarrdm-base.c */; };
		A0C06D2417D9ACFE000DCB6A /* libcarrdm-lock.c in Sources */ = {isa = PBXBuildFile; fileRef = A0C06CB317D95079000DCB6A /* libcarrdm-lock.c */; };
		A0C06D2517D9ACFE000DCB6A /* libcarrdm-lock.c in Sources */ = {isa = PBXBuildFile; fileRef = A0C06CB317D95079000DCB6A /* libcarrdm-lock.c */; };
		A0C06D2617D9AD03000DCB6A /* libcarrdm-core.c in Sources */ = {isa = PBXBuildFile; fileRef = A0C06CAF17D94D8A000DCB6A /* libcarrdm-core.c */; };
		A0C06D2717D9AD04000DCB6A /* libcarrdm-core.c in Sources */ = {isa = PBXBuildFile; fileRef = A0C06CAF17D94D8A000DCB6A /* libcarrdm-core.c */; };
		A0C06D2817D9AD16000DCB6A /* carrdm.h in Headers */ = {isa = PBXBuildFile; fileRef = A0C06C6D17D93142000DCB6A /* carrdm.h */; settings = {ATTRIBUTES = (Public, ); }; };
		A0C06D3A17DB7E49000DCB6A /* CARRDM.framework in Frameworks */ = {isa = PBXBuildFile; fileRef = A0C06CEF17D9A9C4000DCB6A /* CARRDM.framework */; };
		A0C06D3B17DB7E51000DCB6A /* test-array01.c in Sources */ = {isa = PBXBuildFile; fileRef = A0C06D2A17DB7914000DCB6A /* test-array01.c */; };
		A0C06D3E17DB9135000DCB6A /* libcarrdm-data.c in Sources */ = {isa = PBXBuildFile; fileRef = A0C06D3C17DB9135000DCB6A /* libcarrdm-data.c */; };
		A0C06D3F17DB9135000DCB6A /* libcarrdm-data.c in Sources */ = {isa = PBXBuildFile; fileRef = A0C06D3C17DB9135000DCB6A /* libcarrdm-data.c */; };
		A0C06D4017DB9135000DCB6A /* libcarrdm-data.h in Headers */ = {isa = PBXBuildFile; fileRef = A0C06D3D17DB9135000DCB6A /* libcarrdm-data.h */; };
		A0C06D5417E0E320000DCB6A /* libcarrdm-inline.c in Sources */ = {isa = PBXBuildFile; fileRef = A0C06D5217E0E320000DCB6A /* libcarrdm-inline.c */; };
		A0C06D5517E0E320000DCB6A /* libcarrdm-inline.c in Sources */ = {isa = PBXBuildFile; fileRef = A0C06D5217E0E320000DCB6A /* libcarrdm-inline.c */; };
		A0C06D5617E0E320000DCB6A /* libcarrdm-inline.h in Headers */ = {isa = PBXBuildFile; fileRef = A0C06D5317E0E320000DCB6A /* libcarrdm-inline.h */; };
		A0C06D5817E0E39E000DCB6A /* carrdm_inline.h in Headers */ = {isa = PBXBuildFile; fileRef = A0C06D5717E0E39E000DCB6A /* carrdm_inline.h */; };
/* End PBXBuildFile section */

/* Begin PBXContainerItemProxy section */
		A0C06C6717D80E81000DCB6A /* PBXContainerItemProxy */ = {
			isa = PBXContainerItemProxy;
			containerPortal = A0C06C6017D80E81000DCB6A /* bindletools.xcodeproj */;
			proxyType = 2;
			remoteGlobalIDString = A01156E9175B0118008E66FA;
			remoteInfo = bindle;
		};
		A0C06D0217D9A9C4000DCB6A /* PBXContainerItemProxy */ = {
			isa = PBXContainerItemProxy;
			containerPortal = A0C06C5117D80B04000DCB6A /* Project object */;
			proxyType = 1;
			remoteGlobalIDString = A0C06CEE17D9A9C4000DCB6A;
			remoteInfo = CARRDM;
		};
		A0C06D1817D9AAC3000DCB6A /* PBXContainerItemProxy */ = {
			isa = PBXContainerItemProxy;
			containerPortal = A0C06C5117D80B04000DCB6A /* Project object */;
			proxyType = 1;
			remoteGlobalIDString = A0C06CC517D9A98C000DCB6A;
			remoteInfo = carrdm;
		};
		A0C06D1A17D9AAC3000DCB6A /* PBXContainerItemProxy */ = {
			isa = PBXContainerItemProxy;
			containerPortal = A0C06C5117D80B04000DCB6A /* Project object */;
			proxyType = 1;
			remoteGlobalIDString = A0C06CEE17D9A9C4000DCB6A;
			remoteInfo = CARRDM;
		};
		A0C06D3817DB7E44000DCB6A /* PBXContainerItemProxy */ = {
			isa = PBXContainerItemProxy;
			containerPortal = A0C06C5117D80B04000DCB6A /* Project object */;
			proxyType = 1;
			remoteGlobalIDString = A0C06CEE17D9A9C4000DCB6A;
			remoteInfo = CARRDM;
		};
/* End PBXContainerItemProxy section */

/* Begin PBXCopyFilesBuildPhase section */
		A0C06CC417D9A98C000DCB6A /* CopyFiles */ = {
			isa = PBXCopyFilesBuildPhase;
			buildActionMask = 2147483647;
			dstPath = "include/$(PRODUCT_NAME)";
			dstSubfolderSpec = 16;
			files = (
			);
			runOnlyForDeploymentPostprocessing = 0;
		};
		A0C06D2D17DB7E30000DCB6A /* CopyFiles */ = {
			isa = PBXCopyFilesBuildPhase;
			buildActionMask = 2147483647;
			dstPath = /usr/share/man/man1/;
			dstSubfolderSpec = 0;
			files = (
			);
			runOnlyForDeploymentPostprocessing = 1;
		};
/* End PBXCopyFilesBuildPhase section */

/* Begin PBXFileReference section */
		A0C06C5717D80D95000DCB6A /* acinclude.m4 */ = {isa = PBXFileReference; explicitFileType = text.script; path = acinclude.m4; sourceTree = "<group>"; };
		A0C06C5917D80D95000DCB6A /* git-tar-name.txt */ = {isa = PBXFileReference; lastKnownFileType = text; path = "git-tar-name.txt"; sourceTree = "<group>"; };
		A0C06C5A17D80D95000DCB6A /* ChangeLog */ = {isa = PBXFileReference; explicitFileType = text.script; path = ChangeLog; sourceTree = "<group>"; };
		A0C06C5B17D80D95000DCB6A /* configure.ac */ = {isa = PBXFileReference; explicitFileType = text.script; path = configure.ac; sourceTree = "<group>"; };
		A0C06C5C17D80D95000DCB6A /* COPYING */ = {isa = PBXFileReference; lastKnownFileType = text; path = COPYING; sourceTree = "<group>"; };
		A0C06C5D17D80D95000DCB6A /* Makefile.am */ = {isa = PBXFileReference; explicitFileType = sourcecode.make; indentWidth = 8; path = Makefile.am; sourceTree = "<group>"; tabWidth = 8; usesTabs = 1; };
		A0C06C5E17D80D95000DCB6A /* README */ = {isa = PBXFileReference; explicitFileType = text.script; path = README; sourceTree = "<group>"; };
		A0C06C6017D80E81000DCB6A /* bindletools.xcodeproj */ = {isa = PBXFileReference; lastKnownFileType = "wrapper.pb-project"; name = bindletools.xcodeproj; path = bindletools/bindletools.xcodeproj; sourceTree = "<group>"; };
		A0C06C6D17D93142000DCB6A /* carrdm.h */ = {isa = PBXFileReference; lastKnownFileType = sourcecode.c.h; path = carrdm.h; sourceTree = "<group>"; };
		A0C06C7817D933D8000DCB6A /* libcarrdm.sym */ = {isa = PBXFileReference; explicitFileType = text.script; path = libcarrdm.sym; sourceTree = "<group>"; };
		A0C06C7917D9343B000DCB6A /* libcarrdm-base.c */ = {isa = PBXFileReference; lastKnownFileType = sourcecode.c.c; path = "libcarrdm-base.c"; sourceTree = "<group>"; };
		A0C06C7A17D9343B000DCB6A /* libcarrdm-base.h */ = {isa = PBXFileReference; lastKnownFileType = sourcecode.c.h; path = "libcarrdm-base.h"; sourceTree = "<group>"; };
		A0C06C8317D9352A000DCB6A /* Cocoa.framework */ = {isa = PBXFileReference; lastKnownFileType = wrapper.framework; name = Cocoa.framework; path = System/Library/Frameworks/Cocoa.framework; sourceTree = SDKROOT; };
		A0C06C8617D9352A000DCB6A /* Foundation.framework */ = {isa = PBXFileReference; lastKnownFileType = wrapper.framework; name = Foundation.framework; path = System/Library/Frameworks/Foundation.framework; sourceTree = SDKROOT; };
		A0C06C8717D9352A000DCB6A /* CoreData.framework */ = {isa = PBXFileReference; lastKnownFileType = wrapper.framework; name = CoreData.framework; path = System/Library/Frameworks/CoreData.framework; sourceTree = SDKROOT; };
		A0C06C8817D9352A000DCB6A /* AppKit.framework */ = {isa = PBXFileReference; lastKnownFileType = wrapper.framework; name = AppKit.framework; path = System/Library/Frameworks/AppKit.framework; sourceTree = SDKROOT; };
		A0C06C9817D9352A000DCB6A /* XCTest.framework */ = {isa = PBXFileReference; lastKnownFileType = wrapper.framework; name = XCTest.framework; path = Library/Frameworks/XCTest.framework; sourceTree = DEVELOPER_DIR; };
		A0C06CAF17D94D8A000DCB6A /* libcarrdm-core.c */ = {isa = PBXFileReference; fileEncoding = 4; lastKnownFileType = sourcecode.c.c; path = "libcarrdm-core.c"; sourceTree = "<group>"; };
		A0C06CB017D94D8A000DCB6A /* libcarrdm-core.h */ = {isa = PBXFileReference; fileEncoding = 4; lastKnownFileType = sourcecode.c.h; path = "libcarrdm-core.h"; sourceTree = "<group>"; };
		A0C06CB317D95079000DCB6A /* libcarrdm-lock.c */ = {isa = PBXFileReference; fileEncoding = 4; lastKnownFileType = sourcecode.c.c; path = "libcarrdm-lock.c"; sourceTree = "<group>"; };
		A0C06CB417D95079000DCB6A /* libcarrdm-lock.h */ = {isa = PBXFileReference; fileEncoding = 4; lastKnownFileType = sourcecode.c.h; path = "libcarrdm-lock.h"; sourceTree = "<group>"; };
		A0C06CBB17D961FE000DCB6A /* libcarrdm.h */ = {isa = PBXFileReference; fileEncoding = 4; lastKnownFileType = sourcecode.c.h; path = libcarrdm.h; sourceTree = "<group>"; };
		A0C06CC617D9A98C000DCB6A /* libcarrdm.a */ = {isa = PBXFileReference; explicitFileType = archive.ar; includeInIndex = 0; path = libcarrdm.a; sourceTree = BUILT_PRODUCTS_DIR; };
		A0C06CC717D9A98C000DCB6A /* Foundation.framework */ = {isa = PBXFileReference; lastKnownFileType = wrapper.framework; name = Foundation.framework; path = System/Library/Frameworks/Foundation.framework; sourceTree = SDKROOT; };
		A0C06CD717D9A98D000DCB6A /* UIKit.framework */ = {isa = PBXFileReference; lastKnownFileType = wrapper.framework; name = UIKit.framework; path = Library/Frameworks/UIKit.framework; sourceTree = DEVELOPER_DIR; };
		A0C06CEF17D9A9C4000DCB6A /* CARRDM.framework */ = {isa = PBXFileReference; explicitFileType = wrapper.framework; includeInIndex = 0; path = CARRDM.framework; sourceTree = BUILT_PRODUCTS_DIR; };
		A0C06CF317D9A9C4000DCB6A /* CARRDM-Info.plist */ = {isa = PBXFileReference; lastKnownFileType = text.plist.xml; path = "CARRDM-Info.plist"; sourceTree = "<group>"; };
		A0C06CF517D9A9C4000DCB6A /* en */ = {isa = PBXFileReference; lastKnownFileType = text.plist.strings; name = en; path = en.lproj/InfoPlist.strings; sourceTree = "<group>"; };
		A0C06CF717D9A9C4000DCB6A /* CARRDM-Prefix.pch */ = {isa = PBXFileReference; lastKnownFileType = sourcecode.c.h; path = "CARRDM-Prefix.pch"; sourceTree = "<group>"; };
		A0C06CFF17D9A9C4000DCB6A /* CARRDMTests.xctest */ = {isa = PBXFileReference; explicitFileType = wrapper.cfbundle; includeInIndex = 0; path = CARRDMTests.xctest; sourceTree = BUILT_PRODUCTS_DIR; };
		A0C06D0717D9A9C4000DCB6A /* CARRDMTests-Info.plist */ = {isa = PBXFileReference; lastKnownFileType = text.plist.xml; path = "CARRDMTests-Info.plist"; sourceTree = "<group>"; };
		A0C06D0917D9A9C4000DCB6A /* en */ = {isa = PBXFileReference; lastKnownFileType = text.plist.strings; name = en; path = en.lproj/InfoPlist.strings; sourceTree = "<group>"; };
		A0C06D0B17D9A9C4000DCB6A /* CARRDMTests.m */ = {isa = PBXFileReference; lastKnownFileType = sourcecode.c.objc; path = CARRDMTests.m; sourceTree = "<group>"; };
		A0C06D1C17D9AB83000DCB6A /* libcarrdm-array.c */ = {isa = PBXFileReference; fileEncoding = 4; lastKnownFileType = sourcecode.c.c; path = "libcarrdm-array.c"; sourceTree = "<group>"; };
		A0C06D1D17D9AB83000DCB6A /* libcarrdm-array.h */ = {isa = PBXFileReference; fileEncoding = 4; lastKnownFileType = sourcecode.c.h; path = "libcarrdm-array.h"; sourceTree = "<group>"; };
		A0C06D2A17DB7914000DCB6A /* test-array01.c */ = {isa = PBXFileReference; lastKnownFileType = sourcecode.c.c; path = "test-array01.c"; sourceTree = "<group>"; };
		A0C06D2F17DB7E30000DCB6A /* test-array01 */ = {isa = PBXFileReference; explicitFileType = "compiled.mach-o.executable"; includeInIndex = 0; path = "test-array01"; sourceTree = BUILT_PRODUCTS_DIR; };
		A0C06D3C17DB9135000DCB6A /* libcarrdm-data.c */ = {isa = PBXFileReference; fileEncoding = 4; lastKnownFileType = sourcecode.c.c; path = "libcarrdm-data.c"; sourceTree = "<group>"; };
		A0C06D3D17DB9135000DCB6A /* libcarrdm-data.h */ = {isa = PBXFileReference; fileEncoding = 4; lastKnownFileType = sourcecode.c.h; path = "libcarrdm-data.h"; sourceTree = "<group>"; };
		A0C06D5217E0E320000DCB6A /* libcarrdm-inline.c */ = {isa = PBXFileReference; fileEncoding = 4; lastKnownFileType = sourcecode.c.c; path = "libcarrdm-inline.c"; sourceTree = "<group>"; };
		A0C06D5317E0E320000DCB6A /* libcarrdm-inline.h */ = {isa = PBXFileReference; fileEncoding = 4; lastKnownFileType = sourcecode.c.h; path = "libcarrdm-inline.h"; sourceTree = "<group>"; };
		A0C06D5717E0E39E000DCB6A /* carrdm_inline.h */ = {isa = PBXFileReference; fileEncoding = 4; lastKnownFileType = sourcecode.c.h; path = carrdm_inline.h; sourceTree = "<group>"; };
/* End PBXFileReference section */

/* Begin PBXFrameworksBuildPhase section */
		A0C06CC317D9A98C000DCB6A /* Frameworks */ = {
			isa = PBXFrameworksBuildPhase;
			buildActionMask = 2147483647;
			files = (
				A0C06CC817D9A98C000DCB6A /* Foundation.framework in Frameworks */,
			);
			runOnlyForDeploymentPostprocessing = 0;
		};
		A0C06CEB17D9A9C4000DCB6A /* Frameworks */ = {
			isa = PBXFrameworksBuildPhase;
			buildActionMask = 2147483647;
			files = (
				A0C06CF017D9A9C4000DCB6A /* Cocoa.framework in Frameworks */,
			);
			runOnlyForDeploymentPostprocessing = 0;
		};
		A0C06CFC17D9A9C4000DCB6A /* Frameworks */ = {
			isa = PBXFrameworksBuildPhase;
			buildActionMask = 2147483647;
			files = (
				A0C06D0117D9A9C4000DCB6A /* Cocoa.framework in Frameworks */,
				A0C06D0017D9A9C4000DCB6A /* XCTest.framework in Frameworks */,
				A0C06D0417D9A9C4000DCB6A /* CARRDM.framework in Frameworks */,
			);
			runOnlyForDeploymentPostprocessing = 0;
		};
		A0C06D2C17DB7E30000DCB6A /* Frameworks */ = {
			isa = PBXFrameworksBuildPhase;
			buildActionMask = 2147483647;
			files = (
				A0C06D3A17DB7E49000DCB6A /* CARRDM.framework in Frameworks */,
			);
			runOnlyForDeploymentPostprocessing = 0;
		};
/* End PBXFrameworksBuildPhase section */

/* Begin PBXGroup section */
		A0C06C5017D80B04000DCB6A = {
			isa = PBXGroup;
			children = (
				A0C06C5717D80D95000DCB6A /* acinclude.m4 */,
				A0C06C5A17D80D95000DCB6A /* ChangeLog */,
				A0C06C5B17D80D95000DCB6A /* configure.ac */,
				A0C06C5C17D80D95000DCB6A /* COPYING */,
				A0C06C5D17D80D95000DCB6A /* Makefile.am */,
				A0C06C5E17D80D95000DCB6A /* README */,
				A0C06C5817D80D95000DCB6A /* build-aux */,
				A0C06C5F17D80E5C000DCB6A /* contrib */,
				A0C06C6C17D93142000DCB6A /* include */,
				A0C06C7117D93365000DCB6A /* lib */,
				A0C06D2917DB78D3000DCB6A /* tests */,
				A0C06CF117D9A9C4000DCB6A /* CARRDM */,
				A0C06D0517D9A9C4000DCB6A /* CARRDMTests */,
				A0C06C8217D9352A000DCB6A /* Frameworks */,
				A0C06C8117D9352A000DCB6A /* Products */,
			);
			sourceTree = "<group>";
		};
		A0C06C5817D80D95000DCB6A /* build-aux */ = {
			isa = PBXGroup;
			children = (
				A0C06C5917D80D95000DCB6A /* git-tar-name.txt */,
			);
			path = "build-aux";
			sourceTree = "<group>";
		};
		A0C06C5F17D80E5C000DCB6A /* contrib */ = {
			isa = PBXGroup;
			children = (
				A0C06C6017D80E81000DCB6A /* bindletools.xcodeproj */,
			);
			path = contrib;
			sourceTree = "<group>";
		};
		A0C06C6117D80E81000DCB6A /* Products */ = {
			isa = PBXGroup;
			children = (
				A0C06C6817D80E81000DCB6A /* libbindle.a */,
			);
			name = Products;
			sourceTree = "<group>";
		};
		A0C06C6C17D93142000DCB6A /* include */ = {
			isa = PBXGroup;
			children = (
				A0C06C6D17D93142000DCB6A /* carrdm.h */,
				A0C06D5717E0E39E000DCB6A /* carrdm_inline.h */,
			);
			path = include;
			sourceTree = "<group>";
		};
		A0C06C7117D93365000DCB6A /* lib */ = {
			isa = PBXGroup;
			children = (
				A0C06CBB17D961FE000DCB6A /* libcarrdm.h */,
				A0C06C7817D933D8000DCB6A /* libcarrdm.sym */,
				A0C06D1C17D9AB83000DCB6A /* libcarrdm-array.c */,
				A0C06D1D17D9AB83000DCB6A /* libcarrdm-array.h */,
				A0C06C7917D9343B000DCB6A /* libcarrdm-base.c */,
				A0C06C7A17D9343B000DCB6A /* libcarrdm-base.h */,
				A0C06CAF17D94D8A000DCB6A /* libcarrdm-core.c */,
				A0C06CB017D94D8A000DCB6A /* libcarrdm-core.h */,
				A0C06D3C17DB9135000DCB6A /* libcarrdm-data.c */,
				A0C06D3D17DB9135000DCB6A /* libcarrdm-data.h */,
				A0C06D5217E0E320000DCB6A /* libcarrdm-inline.c */,
				A0C06D5317E0E320000DCB6A /* libcarrdm-inline.h */,
				A0C06CB317D95079000DCB6A /* libcarrdm-lock.c */,
				A0C06CB417D95079000DCB6A /* libcarrdm-lock.h */,
			);
			path = lib;
			sourceTree = "<group>";
		};
		A0C06C8117D9352A000DCB6A /* Products */ = {
			isa = PBXGroup;
			children = (
				A0C06CC617D9A98C000DCB6A /* libcarrdm.a */,
				A0C06CEF17D9A9C4000DCB6A /* CARRDM.framework */,
				A0C06CFF17D9A9C4000DCB6A /* CARRDMTests.xctest */,
				A0C06D2F17DB7E30000DCB6A /* test-array01 */,
			);
			name = Products;
			sourceTree = "<group>";
		};
		A0C06C8217D9352A000DCB6A /* Frameworks */ = {
			isa = PBXGroup;
			children = (
				A0C06C8317D9352A000DCB6A /* Cocoa.framework */,
				A0C06C9817D9352A000DCB6A /* XCTest.framework */,
				A0C06CC717D9A98C000DCB6A /* Foundation.framework */,
				A0C06CD717D9A98D000DCB6A /* UIKit.framework */,
				A0C06C8517D9352A000DCB6A /* Other Frameworks */,
			);
			name = Frameworks;
			sourceTree = "<group>";
		};
		A0C06C8517D9352A000DCB6A /* Other Frameworks */ = {
			isa = PBXGroup;
			children = (
				A0C06C8617D9352A000DCB6A /* Foundation.framework */,
				A0C06C8717D9352A000DCB6A /* CoreData.framework */,
				A0C06C8817D9352A000DCB6A /* AppKit.framework */,
			);
			name = "Other Frameworks";
			sourceTree = "<group>";
		};
		A0C06CF117D9A9C4000DCB6A /* CARRDM */ = {
			isa = PBXGroup;
			children = (
				A0C06D1317D9A9DD000DCB6A /* Other Sources */,
				A0C06CF217D9A9C4000DCB6A /* Supporting Files */,
			);
			path = CARRDM;
			sourceTree = "<group>";
		};
		A0C06CF217D9A9C4000DCB6A /* Supporting Files */ = {
			isa = PBXGroup;
			children = (
				A0C06CF317D9A9C4000DCB6A /* CARRDM-Info.plist */,
				A0C06CF417D9A9C4000DCB6A /* InfoPlist.strings */,
			);
			name = "Supporting Files";
			path = support;
			sourceTree = "<group>";
		};
		A0C06D0517D9A9C4000DCB6A /* CARRDMTests */ = {
			isa = PBXGroup;
			children = (
				A0C06D0B17D9A9C4000DCB6A /* CARRDMTests.m */,
				A0C06D0617D9A9C4000DCB6A /* Supporting Files */,
			);
			path = CARRDMTests;
			sourceTree = "<group>";
		};
		A0C06D0617D9A9C4000DCB6A /* Supporting Files */ = {
			isa = PBXGroup;
			children = (
				A0C06D0717D9A9C4000DCB6A /* CARRDMTests-Info.plist */,
				A0C06D0817D9A9C4000DCB6A /* InfoPlist.strings */,
			);
			name = "Supporting Files";
			sourceTree = "<group>";
		};
		A0C06D1317D9A9DD000DCB6A /* Other Sources */ = {
			isa = PBXGroup;
			children = (
				A0C06CF717D9A9C4000DCB6A /* CARRDM-Prefix.pch */,
			);
			name = "Other Sources";
			path = other;
			sourceTree = "<group>";
		};
		A0C06D2917DB78D3000DCB6A /* tests */ = {
			isa = PBXGroup;
			children = (
				A0C06D2A17DB7914000DCB6A /* test-array01.c */,
			);
			path = tests;
			sourceTree = "<group>";
		};
/* End PBXGroup section */

/* Begin PBXHeadersBuildPhase section */
		A0C06CEC17D9A9C4000DCB6A /* Headers */ = {
			isa = PBXHeadersBuildPhase;
			buildActionMask = 2147483647;
			files = (
				A0C06D5817E0E39E000DCB6A /* carrdm_inline.h in Headers */,
				A0C06D5617E0E320000DCB6A /* libcarrdm-inline.h in Headers */,
				A0C06D2817D9AD16000DCB6A /* carrdm.h in Headers */,
				A0C06D4017DB9135000DCB6A /* libcarrdm-data.h in Headers */,
			);
			runOnlyForDeploymentPostprocessing = 0;
		};
/* End PBXHeadersBuildPhase section */

/* Begin PBXNativeTarget section */
		A0C06CC517D9A98C000DCB6A /* carrdm */ = {
			isa = PBXNativeTarget;
			buildConfigurationList = A0C06CE417D9A98D000DCB6A /* Build configuration list for PBXNativeTarget "carrdm" */;
			buildPhases = (
				A0C06CC217D9A98C000DCB6A /* Sources */,
				A0C06CC317D9A98C000DCB6A /* Frameworks */,
				A0C06CC417D9A98C000DCB6A /* CopyFiles */,
			);
			buildRules = (
			);
			dependencies = (
			);
			name = carrdm;
			productName = carrdm;
			productReference = A0C06CC617D9A98C000DCB6A /* libcarrdm.a */;
			productType = "com.apple.product-type.library.static";
		};
		A0C06CEE17D9A9C4000DCB6A /* CARRDM */ = {
			isa = PBXNativeTarget;
			buildConfigurationList = A0C06D0D17D9A9C4000DCB6A /* Build configuration list for PBXNativeTarget "CARRDM" */;
			buildPhases = (
				A0C06CEA17D9A9C4000DCB6A /* Sources */,
				A0C06CEB17D9A9C4000DCB6A /* Frameworks */,
				A0C06CEC17D9A9C4000DCB6A /* Headers */,
				A0C06CED17D9A9C4000DCB6A /* Resources */,
			);
			buildRules = (
			);
			dependencies = (
			);
			name = CARRDM;
			productName = CARRDM;
			productReference = A0C06CEF17D9A9C4000DCB6A /* CARRDM.framework */;
			productType = "com.apple.product-type.framework";
		};
		A0C06CFE17D9A9C4000DCB6A /* CARRDMTests */ = {
			isa = PBXNativeTarget;
			buildConfigurationList = A0C06D1017D9A9C4000DCB6A /* Build configuration list for PBXNativeTarget "CARRDMTests" */;
			buildPhases = (
				A0C06CFB17D9A9C4000DCB6A /* Sources */,
				A0C06CFC17D9A9C4000DCB6A /* Frameworks */,
				A0C06CFD17D9A9C4000DCB6A /* Resources */,
			);
			buildRules = (
			);
			dependencies = (
				A0C06D0317D9A9C4000DCB6A /* PBXTargetDependency */,
			);
			name = CARRDMTests;
			productName = CARRDMTests;
			productReference = A0C06CFF17D9A9C4000DCB6A /* CARRDMTests.xctest */;
			productType = "com.apple.product-type.bundle.unit-test";
		};
		A0C06D2E17DB7E30000DCB6A /* test-array01 */ = {
			isa = PBXNativeTarget;
			buildConfigurationList = A0C06D3517DB7E30000DCB6A /* Build configuration list for PBXNativeTarget "test-array01" */;
			buildPhases = (
				A0C06D2B17DB7E30000DCB6A /* Sources */,
				A0C06D2C17DB7E30000DCB6A /* Frameworks */,
				A0C06D2D17DB7E30000DCB6A /* CopyFiles */,
			);
			buildRules = (
			);
			dependencies = (
				A0C06D3917DB7E44000DCB6A /* PBXTargetDependency */,
			);
			name = "test-array01";
			productName = "test-array01";
			productReference = A0C06D2F17DB7E30000DCB6A /* test-array01 */;
			productType = "com.apple.product-type.tool";
		};
/* End PBXNativeTarget section */

/* Begin PBXProject section */
		A0C06C5117D80B04000DCB6A /* Project object */ = {
			isa = PBXProject;
			attributes = {
				LastUpgradeCheck = 0500;
				TargetAttributes = {
					A0C06CFE17D9A9C4000DCB6A = {
						TestTargetID = A0C06CEE17D9A9C4000DCB6A;
					};
				};
			};
			buildConfigurationList = A0C06C5417D80B04000DCB6A /* Build configuration list for PBXProject "carrdm" */;
			compatibilityVersion = "Xcode 3.2";
			developmentRegion = English;
			hasScannedForEncodings = 0;
			knownRegions = (
				en,
			);
			mainGroup = A0C06C5017D80B04000DCB6A;
			productRefGroup = A0C06C8117D9352A000DCB6A /* Products */;
			projectDirPath = "";
			projectReferences = (
				{
					ProductGroup = A0C06C6117D80E81000DCB6A /* Products */;
					ProjectRef = A0C06C6017D80E81000DCB6A /* bindletools.xcodeproj */;
				},
			);
			projectRoot = "";
			targets = (
				A0C06CC517D9A98C000DCB6A /* carrdm */,
				A0C06CEE17D9A9C4000DCB6A /* CARRDM */,
				A0C06CFE17D9A9C4000DCB6A /* CARRDMTests */,
				A0C06D1417D9AAB9000DCB6A /* CARRDM: OS X System */,
				A0C06D2E17DB7E30000DCB6A /* test-array01 */,
			);
		};
/* End PBXProject section */

/* Begin PBXReferenceProxy section */
		A0C06C6817D80E81000DCB6A /* libbindle.a */ = {
			isa = PBXReferenceProxy;
			fileType = archive.ar;
			path = libbindle.a;
			remoteRef = A0C06C6717D80E81000DCB6A /* PBXContainerItemProxy */;
			sourceTree = BUILT_PRODUCTS_DIR;
		};
/* End PBXReferenceProxy section */

/* Begin PBXResourcesBuildPhase section */
		A0C06CED17D9A9C4000DCB6A /* Resources */ = {
			isa = PBXResourcesBuildPhase;
			buildActionMask = 2147483647;
			files = (
				A0C06CF617D9A9C4000DCB6A /* InfoPlist.strings in Resources */,
			);
			runOnlyForDeploymentPostprocessing = 0;
		};
		A0C06CFD17D9A9C4000DCB6A /* Resources */ = {
			isa = PBXResourcesBuildPhase;
			buildActionMask = 2147483647;
			files = (
				A0C06D0A17D9A9C4000DCB6A /* InfoPlist.strings in Resources */,
			);
			runOnlyForDeploymentPostprocessing = 0;
		};
/* End PBXResourcesBuildPhase section */

/* Begin PBXSourcesBuildPhase section */
		A0C06CC217D9A98C000DCB6A /* Sources */ = {
			isa = PBXSourcesBuildPhase;
			buildActionMask = 2147483647;
			files = (
				A0C06D1E17D9AB83000DCB6A /* libcarrdm-array.c in Sources */,
				A0C06D2217D9ACF9000DCB6A /* libcarrdm-base.c in Sources */,
				A0C06D3E17DB9135000DCB6A /* libcarrdm-data.c in Sources */,
				A0C06D2517D9ACFE000DCB6A /* libcarrdm-lock.c in Sources */,
				A0C06D2717D9AD04000DCB6A /* libcarrdm-core.c in Sources */,
				A0C06D5417E0E320000DCB6A /* libcarrdm-inline.c in Sources */,
			);
			runOnlyForDeploymentPostprocessing = 0;
		};
		A0C06CEA17D9A9C4000DCB6A /* Sources */ = {
			isa = PBXSourcesBuildPhase;
			buildActionMask = 2147483647;
			files = (
				A0C06D1F17D9AB83000DCB6A /* libcarrdm-array.c in Sources */,
				A0C06D2117D9ACF8000DCB6A /* libcarrdm-base.c in Sources */,
				A0C06D3F17DB9135000DCB6A /* libcarrdm-data.c in Sources */,
				A0C06D2417D9ACFE000DCB6A /* libcarrdm-lock.c in Sources */,
				A0C06D2617D9AD03000DCB6A /* libcarrdm-core.c in Sources */,
				A0C06D5517E0E320000DCB6A /* libcarrdm-inline.c in Sources */,
			);
			runOnlyForDeploymentPostprocessing = 0;
		};
		A0C06CFB17D9A9C4000DCB6A /* Sources */ = {
			isa = PBXSourcesBuildPhase;
			buildActionMask = 2147483647;
			files = (
				A0C06D0C17D9A9C4000DCB6A /* CARRDMTests.m in Sources */,
			);
			runOnlyForDeploymentPostprocessing = 0;
		};
		A0C06D2B17DB7E30000DCB6A /* Sources */ = {
			isa = PBXSourcesBuildPhase;
			buildActionMask = 2147483647;
			files = (
				A0C06D3B17DB7E51000DCB6A /* test-array01.c in Sources */,
			);
			runOnlyForDeploymentPostprocessing = 0;
		};
/* End PBXSourcesBuildPhase section */

/* Begin PBXTargetDependency section */
		A0C06D0317D9A9C4000DCB6A /* PBXTargetDependency */ = {
			isa = PBXTargetDependency;
			target = A0C06CEE17D9A9C4000DCB6A /* CARRDM */;
			targetProxy = A0C06D0217D9A9C4000DCB6A /* PBXContainerItemProxy */;
		};
		A0C06D1917D9AAC3000DCB6A /* PBXTargetDependency */ = {
			isa = PBXTargetDependency;
			target = A0C06CC517D9A98C000DCB6A /* carrdm */;
			targetProxy = A0C06D1817D9AAC3000DCB6A /* PBXContainerItemProxy */;
		};
		A0C06D1B17D9AAC3000DCB6A /* PBXTargetDependency */ = {
			isa = PBXTargetDependency;
			target = A0C06CEE17D9A9C4000DCB6A /* CARRDM */;
			targetProxy = A0C06D1A17D9AAC3000DCB6A /* PBXContainerItemProxy */;
		};
		A0C06D3917DB7E44000DCB6A /* PBXTargetDependency */ = {
			isa = PBXTargetDependency;
			target = A0C06CEE17D9A9C4000DCB6A /* CARRDM */;
			targetProxy = A0C06D3817DB7E44000DCB6A /* PBXContainerItemProxy */;
		};
/* End PBXTargetDependency section */

/* Begin PBXVariantGroup section */
		A0C06CF417D9A9C4000DCB6A /* InfoPlist.strings */ = {
			isa = PBXVariantGroup;
			children = (
				A0C06CF517D9A9C4000DCB6A /* en */,
			);
			name = InfoPlist.strings;
			sourceTree = "<group>";
		};
		A0C06D0817D9A9C4000DCB6A /* InfoPlist.strings */ = {
			isa = PBXVariantGroup;
			children = (
				A0C06D0917D9A9C4000DCB6A /* en */,
			);
			name = InfoPlist.strings;
			sourceTree = "<group>";
		};
/* End PBXVariantGroup section */

/* Begin XCBuildConfiguration section */
		A0C06C5517D80B04000DCB6A /* Debug */ = {
			isa = XCBuildConfiguration;
			buildSettings = {
				HEADER_SEARCH_PATHS = include;
			};
			name = Debug;
		};
		A0C06C5617D80B04000DCB6A /* Release */ = {
			isa = XCBuildConfiguration;
			buildSettings = {
				HEADER_SEARCH_PATHS = include;
			};
			name = Release;
		};
		A0C06CE517D9A98D000DCB6A /* Debug */ = {
			isa = XCBuildConfiguration;
			buildSettings = {
				ALWAYS_SEARCH_USER_PATHS = NO;
				CLANG_CXX_LANGUAGE_STANDARD = "gnu++0x";
				CLANG_CXX_LIBRARY = "libc++";
				CLANG_ENABLE_MODULES = YES;
				CLANG_ENABLE_OBJC_ARC = YES;
				CLANG_WARN_BOOL_CONVERSION = YES;
				CLANG_WARN_CONSTANT_CONVERSION = YES;
				CLANG_WARN_DIRECT_OBJC_ISA_USAGE = YES_ERROR;
				CLANG_WARN_EMPTY_BODY = YES;
				CLANG_WARN_ENUM_CONVERSION = YES;
				CLANG_WARN_INT_CONVERSION = YES;
				CLANG_WARN_OBJC_ROOT_CLASS = YES_ERROR;
				CLANG_WARN__DUPLICATE_METHOD_MATCH = YES;
				COPY_PHASE_STRIP = NO;
				DSTROOT = /tmp/carrdm.dst;
				FRAMEWORK_SEARCH_PATHS = (
					"$(inherited)",
					"$(DEVELOPER_DIR)/Platforms/MacOSX.platform/Developer/SDKs/MacOSX10.9.sdk/System/Library/Frameworks",
				);
				GCC_C_LANGUAGE_STANDARD = gnu99;
				GCC_DYNAMIC_NO_PIC = NO;
				GCC_OPTIMIZATION_LEVEL = 0;
				GCC_PRECOMPILE_PREFIX_HEADER = YES;
				GCC_PREFIX_HEADER = "CARRDM/other/CARRDM-Prefix.pch";
				GCC_PREPROCESSOR_DEFINITIONS = (
					"DEBUG=1",
					"$(inherited)",
				);
				GCC_SYMBOLS_PRIVATE_EXTERN = NO;
				GCC_WARN_ABOUT_RETURN_TYPE = YES_ERROR;
				GCC_WARN_UNDECLARED_SELECTOR = YES;
				GCC_WARN_UNINITIALIZED_AUTOS = YES;
				GCC_WARN_UNUSED_FUNCTION = YES;
				GCC_WARN_UNUSED_VARIABLE = YES;
				IPHONEOS_DEPLOYMENT_TARGET = 7.0;
				ONLY_ACTIVE_ARCH = YES;
				OTHER_LDFLAGS = "-ObjC";
				PRODUCT_NAME = "$(TARGET_NAME)";
				SDKROOT = iphoneos;
				SKIP_INSTALL = YES;
			};
			name = Debug;
		};
		A0C06CE617D9A98D000DCB6A /* Release */ = {
			isa = XCBuildConfiguration;
			buildSettings = {
				ALWAYS_SEARCH_USER_PATHS = NO;
				CLANG_CXX_LANGUAGE_STANDARD = "gnu++0x";
				CLANG_CXX_LIBRARY = "libc++";
				CLANG_ENABLE_MODULES = YES;
				CLANG_ENABLE_OBJC_ARC = YES;
				CLANG_WARN_BOOL_CONVERSION = YES;
				CLANG_WARN_CONSTANT_CONVERSION = YES;
				CLANG_WARN_DIRECT_OBJC_ISA_USAGE = YES_ERROR;
				CLANG_WARN_EMPTY_BODY = YES;
				CLANG_WARN_ENUM_CONVERSION = YES;
				CLANG_WARN_INT_CONVERSION = YES;
				CLANG_WARN_OBJC_ROOT_CLASS = YES_ERROR;
				CLANG_WARN__DUPLICATE_METHOD_MATCH = YES;
				COPY_PHASE_STRIP = YES;
				DSTROOT = /tmp/carrdm.dst;
				ENABLE_NS_ASSERTIONS = NO;
				FRAMEWORK_SEARCH_PATHS = (
					"$(inherited)",
					"$(DEVELOPER_DIR)/Platforms/MacOSX.platform/Developer/SDKs/MacOSX10.9.sdk/System/Library/Frameworks",
				);
				GCC_C_LANGUAGE_STANDARD = gnu99;
				GCC_PRECOMPILE_PREFIX_HEADER = YES;
				GCC_PREFIX_HEADER = "CARRDM/other/CARRDM-Prefix.pch";
				GCC_WARN_ABOUT_RETURN_TYPE = YES_ERROR;
				GCC_WARN_UNDECLARED_SELECTOR = YES;
				GCC_WARN_UNINITIALIZED_AUTOS = YES;
				GCC_WARN_UNUSED_FUNCTION = YES;
				GCC_WARN_UNUSED_VARIABLE = YES;
				IPHONEOS_DEPLOYMENT_TARGET = 7.0;
				OTHER_LDFLAGS = "-ObjC";
				PRODUCT_NAME = "$(TARGET_NAME)";
				SDKROOT = iphoneos;
				SKIP_INSTALL = YES;
				VALIDATE_PRODUCT = YES;
			};
			name = Release;
		};
		A0C06D0E17D9A9C4000DCB6A /* Debug */ = {
			isa = XCBuildConfiguration;
			buildSettings = {
				ALWAYS_SEARCH_USER_PATHS = NO;
				CLANG_CXX_LANGUAGE_STANDARD = "gnu++0x";
				CLANG_CXX_LIBRARY = "libc++";
				CLANG_ENABLE_MODULES = YES;
				CLANG_ENABLE_OBJC_ARC = YES;
				CLANG_WARN_BOOL_CONVERSION = YES;
				CLANG_WARN_CONSTANT_CONVERSION = YES;
				CLANG_WARN_DIRECT_OBJC_ISA_USAGE = YES_ERROR;
				CLANG_WARN_EMPTY_BODY = YES;
				CLANG_WARN_ENUM_CONVERSION = YES;
				CLANG_WARN_INT_CONVERSION = YES;
				CLANG_WARN_OBJC_ROOT_CLASS = YES_ERROR;
				CLANG_WARN__DUPLICATE_METHOD_MATCH = YES;
				COMBINE_HIDPI_IMAGES = YES;
				COPY_PHASE_STRIP = NO;
				DYLIB_COMPATIBILITY_VERSION = 1;
				DYLIB_CURRENT_VERSION = 1;
				FRAMEWORK_VERSION = A;
				GCC_C_LANGUAGE_STANDARD = gnu99;
				GCC_DYNAMIC_NO_PIC = NO;
				GCC_ENABLE_OBJC_EXCEPTIONS = YES;
				GCC_OPTIMIZATION_LEVEL = 0;
				GCC_PRECOMPILE_PREFIX_HEADER = YES;
				GCC_PREFIX_HEADER = "CARRDM/other/CARRDM-Prefix.pch";
				GCC_PREPROCESSOR_DEFINITIONS = (
					"DEBUG=1",
					"$(inherited)",
				);
				GCC_SYMBOLS_PRIVATE_EXTERN = NO;
				GCC_WARN_64_TO_32_BIT_CONVERSION = YES;
				GCC_WARN_ABOUT_RETURN_TYPE = YES_ERROR;
				GCC_WARN_UNDECLARED_SELECTOR = YES;
				GCC_WARN_UNINITIALIZED_AUTOS = YES;
				GCC_WARN_UNUSED_FUNCTION = YES;
				GCC_WARN_UNUSED_VARIABLE = YES;
				INFOPLIST_FILE = "CARRDM/support/CARRDM-Info.plist";
				MACOSX_DEPLOYMENT_TARGET = 10.8;
				ONLY_ACTIVE_ARCH = YES;
				PRODUCT_NAME = "$(TARGET_NAME)";
				SDKROOT = macosx;
				WRAPPER_EXTENSION = framework;
			};
			name = Debug;
		};
		A0C06D0F17D9A9C4000DCB6A /* Release */ = {
			isa = XCBuildConfiguration;
			buildSettings = {
				ALWAYS_SEARCH_USER_PATHS = NO;
				CLANG_CXX_LANGUAGE_STANDARD = "gnu++0x";
				CLANG_CXX_LIBRARY = "libc++";
				CLANG_ENABLE_MODULES = YES;
				CLANG_ENABLE_OBJC_ARC = YES;
				CLANG_WARN_BOOL_CONVERSION = YES;
				CLANG_WARN_CONSTANT_CONVERSION = YES;
				CLANG_WARN_DIRECT_OBJC_ISA_USAGE = YES_ERROR;
				CLANG_WARN_EMPTY_BODY = YES;
				CLANG_WARN_ENUM_CONVERSION = YES;
				CLANG_WARN_INT_CONVERSION = YES;
				CLANG_WARN_OBJC_ROOT_CLASS = YES_ERROR;
				CLANG_WARN__DUPLICATE_METHOD_MATCH = YES;
				COMBINE_HIDPI_IMAGES = YES;
				COPY_PHASE_STRIP = YES;
				DEBUG_INFORMATION_FORMAT = "dwarf-with-dsym";
				DYLIB_COMPATIBILITY_VERSION = 1;
				DYLIB_CURRENT_VERSION = 1;
				ENABLE_NS_ASSERTIONS = NO;
				FRAMEWORK_VERSION = A;
				GCC_C_LANGUAGE_STANDARD = gnu99;
				GCC_ENABLE_OBJC_EXCEPTIONS = YES;
				GCC_PRECOMPILE_PREFIX_HEADER = YES;
				GCC_PREFIX_HEADER = "CARRDM/other/CARRDM-Prefix.pch";
				GCC_WARN_64_TO_32_BIT_CONVERSION = YES;
				GCC_WARN_ABOUT_RETURN_TYPE = YES_ERROR;
				GCC_WARN_UNDECLARED_SELECTOR = YES;
				GCC_WARN_UNINITIALIZED_AUTOS = YES;
				GCC_WARN_UNUSED_FUNCTION = YES;
				GCC_WARN_UNUSED_VARIABLE = YES;
				INFOPLIST_FILE = "CARRDM/support/CARRDM-Info.plist";
				MACOSX_DEPLOYMENT_TARGET = 10.8;
				PRODUCT_NAME = "$(TARGET_NAME)";
				SDKROOT = macosx;
				WRAPPER_EXTENSION = framework;
			};
			name = Release;
		};
		A0C06D1117D9A9C4000DCB6A /* Debug */ = {
			isa = XCBuildConfiguration;
			buildSettings = {
				ALWAYS_SEARCH_USER_PATHS = NO;
				BUNDLE_LOADER = "$(BUILT_PRODUCTS_DIR)/CARRDM.framework/Versions/A/CARRDM";
				CLANG_CXX_LANGUAGE_STANDARD = "gnu++0x";
				CLANG_CXX_LIBRARY = "libc++";
				CLANG_ENABLE_MODULES = YES;
				CLANG_ENABLE_OBJC_ARC = YES;
				CLANG_WARN_BOOL_CONVERSION = YES;
				CLANG_WARN_CONSTANT_CONVERSION = YES;
				CLANG_WARN_DIRECT_OBJC_ISA_USAGE = YES_ERROR;
				CLANG_WARN_EMPTY_BODY = YES;
				CLANG_WARN_ENUM_CONVERSION = YES;
				CLANG_WARN_INT_CONVERSION = YES;
				CLANG_WARN_OBJC_ROOT_CLASS = YES_ERROR;
				CLANG_WARN__DUPLICATE_METHOD_MATCH = YES;
				COMBINE_HIDPI_IMAGES = YES;
				COPY_PHASE_STRIP = NO;
				FRAMEWORK_SEARCH_PATHS = (
					"$(DEVELOPER_FRAMEWORKS_DIR)",
					"$(inherited)",
				);
				GCC_C_LANGUAGE_STANDARD = gnu99;
				GCC_DYNAMIC_NO_PIC = NO;
				GCC_ENABLE_OBJC_EXCEPTIONS = YES;
				GCC_OPTIMIZATION_LEVEL = 0;
				GCC_PRECOMPILE_PREFIX_HEADER = YES;
				GCC_PREFIX_HEADER = "CARRDM/CARRDM-Prefix.pch";
				GCC_PREPROCESSOR_DEFINITIONS = (
					"DEBUG=1",
					"$(inherited)",
				);
				GCC_SYMBOLS_PRIVATE_EXTERN = NO;
				GCC_WARN_64_TO_32_BIT_CONVERSION = YES;
				GCC_WARN_ABOUT_RETURN_TYPE = YES_ERROR;
				GCC_WARN_UNDECLARED_SELECTOR = YES;
				GCC_WARN_UNINITIALIZED_AUTOS = YES;
				GCC_WARN_UNUSED_FUNCTION = YES;
				GCC_WARN_UNUSED_VARIABLE = YES;
				INFOPLIST_FILE = "CARRDMTests/CARRDMTests-Info.plist";
				MACOSX_DEPLOYMENT_TARGET = 10.8;
				ONLY_ACTIVE_ARCH = YES;
				PRODUCT_NAME = "$(TARGET_NAME)";
				SDKROOT = macosx;
				TEST_HOST = "$(BUNDLE_LOADER)";
				WRAPPER_EXTENSION = xctest;
			};
			name = Debug;
		};
		A0C06D1217D9A9C4000DCB6A /* Release */ = {
			isa = XCBuildConfiguration;
			buildSettings = {
				ALWAYS_SEARCH_USER_PATHS = NO;
				BUNDLE_LOADER = "$(BUILT_PRODUCTS_DIR)/CARRDM.framework/Versions/A/CARRDM";
				CLANG_CXX_LANGUAGE_STANDARD = "gnu++0x";
				CLANG_CXX_LIBRARY = "libc++";
				CLANG_ENABLE_MODULES = YES;
				CLANG_ENABLE_OBJC_ARC = YES;
				CLANG_WARN_BOOL_CONVERSION = YES;
				CLANG_WARN_CONSTANT_CONVERSION = YES;
				CLANG_WARN_DIRECT_OBJC_ISA_USAGE = YES_ERROR;
				CLANG_WARN_EMPTY_BODY = YES;
				CLANG_WARN_ENUM_CONVERSION = YES;
				CLANG_WARN_INT_CONVERSION = YES;
				CLANG_WARN_OBJC_ROOT_CLASS = YES_ERROR;
				CLANG_WARN__DUPLICATE_METHOD_MATCH = YES;
				COMBINE_HIDPI_IMAGES = YES;
				COPY_PHASE_STRIP = YES;
				DEBUG_INFORMATION_FORMAT = "dwarf-with-dsym";
				ENABLE_NS_ASSERTIONS = NO;
				FRAMEWORK_SEARCH_PATHS = (
					"$(DEVELOPER_FRAMEWORKS_DIR)",
					"$(inherited)",
				);
				GCC_C_LANGUAGE_STANDARD = gnu99;
				GCC_ENABLE_OBJC_EXCEPTIONS = YES;
				GCC_PRECOMPILE_PREFIX_HEADER = YES;
				GCC_PREFIX_HEADER = "CARRDM/CARRDM-Prefix.pch";
				GCC_WARN_64_TO_32_BIT_CONVERSION = YES;
				GCC_WARN_ABOUT_RETURN_TYPE = YES_ERROR;
				GCC_WARN_UNDECLARED_SELECTOR = YES;
				GCC_WARN_UNINITIALIZED_AUTOS = YES;
				GCC_WARN_UNUSED_FUNCTION = YES;
				GCC_WARN_UNUSED_VARIABLE = YES;
				INFOPLIST_FILE = "CARRDMTests/CARRDMTests-Info.plist";
				MACOSX_DEPLOYMENT_TARGET = 10.8;
				PRODUCT_NAME = "$(TARGET_NAME)";
				SDKROOT = macosx;
				TEST_HOST = "$(BUNDLE_LOADER)";
				WRAPPER_EXTENSION = xctest;
			};
			name = Release;
		};
		A0C06D1617D9AAB9000DCB6A /* Debug */ = {
			isa = XCBuildConfiguration;
			buildSettings = {
				PRODUCT_NAME = "$(TARGET_NAME)";
			};
			name = Debug;
		};
		A0C06D1717D9AAB9000DCB6A /* Release */ = {
			isa = XCBuildConfiguration;
			buildSettings = {
				PRODUCT_NAME = "$(TARGET_NAME)";
			};
			name = Release;
		};
		A0C06D3617DB7E30000DCB6A /* Debug */ = {
			isa = XCBuildConfiguration;
			buildSettings = {
				ALWAYS_SEARCH_USER_PATHS = NO;
				CLANG_CXX_LANGUAGE_STANDARD = "gnu++0x";
				CLANG_CXX_LIBRARY = "libc++";
				CLANG_ENABLE_MODULES = YES;
				CLANG_ENABLE_OBJC_ARC = YES;
				CLANG_WARN_BOOL_CONVERSION = YES;
				CLANG_WARN_CONSTANT_CONVERSION = YES;
				CLANG_WARN_DIRECT_OBJC_ISA_USAGE = YES_ERROR;
				CLANG_WARN_EMPTY_BODY = YES;
				CLANG_WARN_ENUM_CONVERSION = YES;
				CLANG_WARN_INT_CONVERSION = YES;
				CLANG_WARN_OBJC_ROOT_CLASS = YES_ERROR;
				CLANG_WARN__DUPLICATE_METHOD_MATCH = YES;
				COPY_PHASE_STRIP = NO;
				GCC_C_LANGUAGE_STANDARD = gnu99;
				GCC_DYNAMIC_NO_PIC = NO;
				GCC_ENABLE_OBJC_EXCEPTIONS = YES;
				GCC_OPTIMIZATION_LEVEL = 0;
				GCC_PREPROCESSOR_DEFINITIONS = (
					"DEBUG=1",
					"$(inherited)",
				);
				GCC_SYMBOLS_PRIVATE_EXTERN = NO;
				GCC_WARN_64_TO_32_BIT_CONVERSION = YES;
				GCC_WARN_ABOUT_RETURN_TYPE = YES_ERROR;
				GCC_WARN_UNDECLARED_SELECTOR = YES;
				GCC_WARN_UNINITIALIZED_AUTOS = YES;
				GCC_WARN_UNUSED_FUNCTION = YES;
				GCC_WARN_UNUSED_VARIABLE = YES;
				MACOSX_DEPLOYMENT_TARGET = 10.8;
				ONLY_ACTIVE_ARCH = YES;
				PRODUCT_NAME = "$(TARGET_NAME)";
				SDKROOT = macosx;
			};
			name = Debug;
		};
		A0C06D3717DB7E30000DCB6A /* Release */ = {
			isa = XCBuildConfiguration;
			buildSettings = {
				ALWAYS_SEARCH_USER_PATHS = NO;
				CLANG_CXX_LANGUAGE_STANDARD = "gnu++0x";
				CLANG_CXX_LIBRARY = "libc++";
				CLANG_ENABLE_MODULES = YES;
				CLANG_ENABLE_OBJC_ARC = YES;
				CLANG_WARN_BOOL_CONVERSION = YES;
				CLANG_WARN_CONSTANT_CONVERSION = YES;
				CLANG_WARN_DIRECT_OBJC_ISA_USAGE = YES_ERROR;
				CLANG_WARN_EMPTY_BODY = YES;
				CLANG_WARN_ENUM_CONVERSION = YES;
				CLANG_WARN_INT_CONVERSION = YES;
				CLANG_WARN_OBJC_ROOT_CLASS = YES_ERROR;
				CLANG_WARN__DUPLICATE_METHOD_MATCH = YES;
				COPY_PHASE_STRIP = YES;
				DEBUG_INFORMATION_FORMAT = "dwarf-with-dsym";
				ENABLE_NS_ASSERTIONS = NO;
				GCC_C_LANGUAGE_STANDARD = gnu99;
				GCC_ENABLE_OBJC_EXCEPTIONS = YES;
				GCC_WARN_64_TO_32_BIT_CONVERSION = YES;
				GCC_WARN_ABOUT_RETURN_TYPE = YES_ERROR;
				GCC_WARN_UNDECLARED_SELECTOR = YES;
				GCC_WARN_UNINITIALIZED_AUTOS = YES;
				GCC_WARN_UNUSED_FUNCTION = YES;
				GCC_WARN_UNUSED_VARIABLE = YES;
				MACOSX_DEPLOYMENT_TARGET = 10.8;
				PRODUCT_NAME = "$(TARGET_NAME)";
				SDKROOT = macosx;
			};
			name = Release;
		};
/* End XCBuildConfiguration section */

/* Begin XCConfigurationList section */
		A0C06C5417D80B04000DCB6A /* Build configuration list for PBXProject "carrdm" */ = {
			isa = XCConfigurationList;
			buildConfigurations = (
				A0C06C5517D80B04000DCB6A /* Debug */,
				A0C06C5617D80B04000DCB6A /* Release */,
			);
			defaultConfigurationIsVisible = 0;
			defaultConfigurationName = Release;
		};
		A0C06CE417D9A98D000DCB6A /* Build configuration list for PBXNativeTarget "carrdm" */ = {
			isa = XCConfigurationList;
			buildConfigurations = (
				A0C06CE517D9A98D000DCB6A /* Debug */,
				A0C06CE617D9A98D000DCB6A /* Release */,
			);
			defaultConfigurationIsVisible = 0;
			defaultConfigurationName = Release;
		};
		A0C06D0D17D9A9C4000DCB6A /* Build configuration list for PBXNativeTarget "CARRDM" */ = {
			isa = XCConfigurationList;
			buildConfigurations = (
				A0C06D0E17D9A9C4000DCB6A /* Debug */,
				A0C06D0F17D9A9C4000DCB6A /* Release */,
			);
			defaultConfigurationIsVisible = 0;
			defaultConfigurationName = Release;
		};
		A0C06D1017D9A9C4000DCB6A /* Build configuration list for PBXNativeTarget "CARRDMTests" */ = {
			isa = XCConfigurationList;
			buildConfigurations = (
				A0C06D1117D9A9C4000DCB6A /* Debug */,
				A0C06D1217D9A9C4000DCB6A /* Release */,
			);
			defaultConfigurationIsVisible = 0;
			defaultConfigurationName = Release;
		};
		A0C06D1517D9AAB9000DCB6A /* Build configuration list for PBXAggregateTarget "CARRDM: OS X System" */ = {
			isa = XCConfigurationList;
			buildConfigurations = (
				A0C06D1617D9AAB9000DCB6A /* Debug */,
				A0C06D1717D9AAB9000DCB6A /* Release */,
			);
			defaultConfigurationIsVisible = 0;
			defaultConfigurationName = Release;
		};
		A0C06D3517DB7E30000DCB6A /* Build configuration list for PBXNativeTarget "test-array01" */ = {
			isa = XCConfigurationList;
			buildConfigurations = (
				A0C06D3617DB7E30000DCB6A /* Debug */,
				A0C06D3717DB7E30000DCB6A /* Release */,
			);
			defaultConfigurationIsVisible = 0;
			defaultConfigurationName = Release;
		};
/* End XCConfigurationList section */
	};
	rootObject = A0C06C5117D80B04000DCB6A /* Project object */;
}
